// !$*UTF8*$!
{
	archiveVersion = 1;
	classes = {
	};
	objectVersion = 46;
	objects = {

/* Begin PBXBuildFile section */
		E930679B13B2E24100EA26FF /* Foundation.framework in Frameworks */ = {isa = PBXBuildFile; fileRef = E930679913B2E22A00EA26FF /* Foundation.framework */; };
		E930679C13B2E24B00EA26FF /* Foundation.framework in Frameworks */ = {isa = PBXBuildFile; fileRef = E930679913B2E22A00EA26FF /* Foundation.framework */; };
		E93067E213B2E6D100EA26FF /* libExpecta-iOS.a in Frameworks */ = {isa = PBXBuildFile; fileRef = E93067CE13B2E6D100EA26FF /* libExpecta-iOS.a */; };
		E93067F513B2E7D900EA26FF /* ExpectationTest.m in Sources */ = {isa = PBXBuildFile; fileRef = E9ACDF7313B2DEB70010F4D7 /* ExpectationTest.m */; };
		E93067F613B2E7DC00EA26FF /* NSValue+ExpectaTest.m in Sources */ = {isa = PBXBuildFile; fileRef = E9ACDF7C13B2DEB70010F4D7 /* NSValue+ExpectaTest.m */; };
		E93067F713B2E7E100EA26FF /* EXPMatchers+toBeFalsyTest.m in Sources */ = {isa = PBXBuildFile; fileRef = E9ACDF7513B2DEB70010F4D7 /* EXPMatchers+toBeFalsyTest.m */; };
		E93067F813B2E7E500EA26FF /* EXPMatchers+toBeInstanceOfTest.m in Sources */ = {isa = PBXBuildFile; fileRef = E9ACDF7613B2DEB70010F4D7 /* EXPMatchers+toBeInstanceOfTest.m */; };
		E93067F913B2E7EA00EA26FF /* EXPMatchers+toBeKindOfTest.m in Sources */ = {isa = PBXBuildFile; fileRef = E9ACDF7713B2DEB70010F4D7 /* EXPMatchers+toBeKindOfTest.m */; };
		E93067FA13B2E7EC00EA26FF /* EXPMatchers+toBeNilTest.m in Sources */ = {isa = PBXBuildFile; fileRef = E9ACDF7813B2DEB70010F4D7 /* EXPMatchers+toBeNilTest.m */; };
		E93067FB13B2E7EE00EA26FF /* EXPMatchers+toBeSubclassOfTest.m in Sources */ = {isa = PBXBuildFile; fileRef = E9ACDF7913B2DEB70010F4D7 /* EXPMatchers+toBeSubclassOfTest.m */; };
		E93067FC13B2E7F000EA26FF /* EXPMatchers+toBeTruthyTest.m in Sources */ = {isa = PBXBuildFile; fileRef = E9ACDF7A13B2DEB70010F4D7 /* EXPMatchers+toBeTruthyTest.m */; };
		E93067FD13B2E7F300EA26FF /* EXPMatchers+toEqualTest.m in Sources */ = {isa = PBXBuildFile; fileRef = E9ACDF7B13B2DEB70010F4D7 /* EXPMatchers+toEqualTest.m */; };
		E93067FE13B2E7FD00EA26FF /* EXPExpect+Test.m in Sources */ = {isa = PBXBuildFile; fileRef = E9ACDF9813B2E0BB0010F4D7 /* EXPExpect+Test.m */; };
		E93067FF13B2E80000EA26FF /* FakeTestCase.m in Sources */ = {isa = PBXBuildFile; fileRef = E9ACDF9A13B2E0BB0010F4D7 /* FakeTestCase.m */; };
		E930680013B2E80200EA26FF /* Fixtures.m in Sources */ = {isa = PBXBuildFile; fileRef = E9ACDF9C13B2E0BB0010F4D7 /* Fixtures.m */; };
		E930680213B2E81500EA26FF /* Expecta.h in Headers */ = {isa = PBXBuildFile; fileRef = E9ACDF3F13B2DDC60010F4D7 /* Expecta.h */; settings = {ATTRIBUTES = (Public, ); }; };
		E930680313B2E81800EA26FF /* EXPExpect.h in Headers */ = {isa = PBXBuildFile; fileRef = E9ACDF3D13B2DDC60010F4D7 /* EXPExpect.h */; settings = {ATTRIBUTES = (Public, ); }; };
		E930680413B2E81C00EA26FF /* EXPExpect.m in Sources */ = {isa = PBXBuildFile; fileRef = E9ACDF3E13B2DDC60010F4D7 /* EXPExpect.m */; };
		E930680513B2E81E00EA26FF /* EXPUnsupportedObject.h in Headers */ = {isa = PBXBuildFile; fileRef = E9ACDF4113B2DDC60010F4D7 /* EXPUnsupportedObject.h */; settings = {ATTRIBUTES = (Public, ); }; };
		E930680613B2E82100EA26FF /* EXPUnsupportedObject.m in Sources */ = {isa = PBXBuildFile; fileRef = E9ACDF4213B2DDC60010F4D7 /* EXPUnsupportedObject.m */; };
		E930680713B2E82400EA26FF /* NSValue+Expecta.h in Headers */ = {isa = PBXBuildFile; fileRef = E9ACDF5613B2DDC60010F4D7 /* NSValue+Expecta.h */; settings = {ATTRIBUTES = (Public, ); }; };
		E930680813B2E82500EA26FF /* NSValue+Expecta.m in Sources */ = {isa = PBXBuildFile; fileRef = E9ACDF5713B2DDC60010F4D7 /* NSValue+Expecta.m */; };
		E930680913B2E82800EA26FF /* NSObject+Expecta.h in Headers */ = {isa = PBXBuildFile; fileRef = E9ACDF5513B2DDC60010F4D7 /* NSObject+Expecta.h */; settings = {ATTRIBUTES = (Public, ); }; };
		E930680A13B2E83500EA26FF /* EXPMatchers.h in Headers */ = {isa = PBXBuildFile; fileRef = E9ACDF5413B2DDC60010F4D7 /* EXPMatchers.h */; settings = {ATTRIBUTES = (Public, ); }; };
		E930680B13B2E83800EA26FF /* EXPMatcherHelpers.h in Headers */ = {isa = PBXBuildFile; fileRef = E9ACDF4413B2DDC60010F4D7 /* EXPMatcherHelpers.h */; settings = {ATTRIBUTES = (Public, ); }; };
		E930680C13B2E83A00EA26FF /* EXPMatcherHelpers.m in Sources */ = {isa = PBXBuildFile; fileRef = E9ACDF4513B2DDC60010F4D7 /* EXPMatcherHelpers.m */; };
		E930680D13B2E83E00EA26FF /* EXPMatchers+toBeFalsy.h in Headers */ = {isa = PBXBuildFile; fileRef = E9ACDF4613B2DDC60010F4D7 /* EXPMatchers+toBeFalsy.h */; settings = {ATTRIBUTES = (Public, ); }; };
		E930680E13B2E84100EA26FF /* EXPMatchers+toBeFalsy.m in Sources */ = {isa = PBXBuildFile; fileRef = E9ACDF4713B2DDC60010F4D7 /* EXPMatchers+toBeFalsy.m */; };
		E930680F13B2E84400EA26FF /* EXPMatchers+toBeInstanceOf.h in Headers */ = {isa = PBXBuildFile; fileRef = E9ACDF4813B2DDC60010F4D7 /* EXPMatchers+toBeInstanceOf.h */; settings = {ATTRIBUTES = (Public, ); }; };
		E930681013B2E84700EA26FF /* EXPMatchers+toBeInstanceOf.m in Sources */ = {isa = PBXBuildFile; fileRef = E9ACDF4913B2DDC60010F4D7 /* EXPMatchers+toBeInstanceOf.m */; };
		E930681113B2E84900EA26FF /* EXPMatchers+toBeKindOf.h in Headers */ = {isa = PBXBuildFile; fileRef = E9ACDF4A13B2DDC60010F4D7 /* EXPMatchers+toBeKindOf.h */; settings = {ATTRIBUTES = (Public, ); }; };
		E930681213B2E84B00EA26FF /* EXPMatchers+toBeKindOf.m in Sources */ = {isa = PBXBuildFile; fileRef = E9ACDF4B13B2DDC60010F4D7 /* EXPMatchers+toBeKindOf.m */; };
		E930681313B2E84E00EA26FF /* EXPMatchers+toBeNil.h in Headers */ = {isa = PBXBuildFile; fileRef = E9ACDF4C13B2DDC60010F4D7 /* EXPMatchers+toBeNil.h */; settings = {ATTRIBUTES = (Public, ); }; };
		E930681413B2E85100EA26FF /* EXPMatchers+toBeNil.m in Sources */ = {isa = PBXBuildFile; fileRef = E9ACDF4D13B2DDC60010F4D7 /* EXPMatchers+toBeNil.m */; };
		E930681513B2E85400EA26FF /* EXPMatchers+toBeSubclassOf.h in Headers */ = {isa = PBXBuildFile; fileRef = E9ACDF4E13B2DDC60010F4D7 /* EXPMatchers+toBeSubclassOf.h */; settings = {ATTRIBUTES = (Public, ); }; };
		E930681613B2E85700EA26FF /* EXPMatchers+toBeSubclassOf.m in Sources */ = {isa = PBXBuildFile; fileRef = E9ACDF4F13B2DDC60010F4D7 /* EXPMatchers+toBeSubclassOf.m */; };
		E930681713B2E85900EA26FF /* EXPMatchers+toBeTruthy.h in Headers */ = {isa = PBXBuildFile; fileRef = E9ACDF5013B2DDC60010F4D7 /* EXPMatchers+toBeTruthy.h */; settings = {ATTRIBUTES = (Public, ); }; };
		E930681813B2E85B00EA26FF /* EXPMatchers+toBeTruthy.m in Sources */ = {isa = PBXBuildFile; fileRef = E9ACDF5113B2DDC60010F4D7 /* EXPMatchers+toBeTruthy.m */; };
		E930681913B2E85E00EA26FF /* EXPMatchers+toEqual.m in Sources */ = {isa = PBXBuildFile; fileRef = E9ACDF5313B2DDC60010F4D7 /* EXPMatchers+toEqual.m */; };
		E930681A13B2E86000EA26FF /* EXPMatchers+toEqual.h in Headers */ = {isa = PBXBuildFile; fileRef = E9ACDF5213B2DDC60010F4D7 /* EXPMatchers+toEqual.h */; settings = {ATTRIBUTES = (Public, ); }; };
		E94296F113B42BF60038708B /* Foundation.framework in Frameworks */ = {isa = PBXBuildFile; fileRef = E930679913B2E22A00EA26FF /* Foundation.framework */; };
		E94296F213B42BFA0038708B /* Foundation.framework in Frameworks */ = {isa = PBXBuildFile; fileRef = E930679913B2E22A00EA26FF /* Foundation.framework */; };
		E94296F413B42E160038708B /* EXPMatchers+toContainTest.m in Sources */ = {isa = PBXBuildFile; fileRef = E94296F313B42E160038708B /* EXPMatchers+toContainTest.m */; };
		E94296F513B42E160038708B /* EXPMatchers+toContainTest.m in Sources */ = {isa = PBXBuildFile; fileRef = E94296F313B42E160038708B /* EXPMatchers+toContainTest.m */; };
		E94296F813B430DF0038708B /* EXPMatchers+toContain.h in Headers */ = {isa = PBXBuildFile; fileRef = E94296F613B430DE0038708B /* EXPMatchers+toContain.h */; settings = {ATTRIBUTES = (Public, ); }; };
		E94296F913B430DF0038708B /* EXPMatchers+toContain.h in Headers */ = {isa = PBXBuildFile; fileRef = E94296F613B430DE0038708B /* EXPMatchers+toContain.h */; settings = {ATTRIBUTES = (Public, ); }; };
		E94296FA13B430DF0038708B /* EXPMatchers+toContain.m in Sources */ = {isa = PBXBuildFile; fileRef = E94296F713B430DF0038708B /* EXPMatchers+toContain.m */; };
		E94296FB13B430DF0038708B /* EXPMatchers+toContain.m in Sources */ = {isa = PBXBuildFile; fileRef = E94296F713B430DF0038708B /* EXPMatchers+toContain.m */; };
		E942971213B45ADD0038708B /* EXPMatchers+toBeIdenticalToTest.m in Sources */ = {isa = PBXBuildFile; fileRef = E942971113B45ADD0038708B /* EXPMatchers+toBeIdenticalToTest.m */; };
		E942971313B45ADD0038708B /* EXPMatchers+toBeIdenticalToTest.m in Sources */ = {isa = PBXBuildFile; fileRef = E942971113B45ADD0038708B /* EXPMatchers+toBeIdenticalToTest.m */; };
		E942971613B45C8F0038708B /* EXPMatchers+toBeIdenticalTo.h in Headers */ = {isa = PBXBuildFile; fileRef = E942971413B45C8D0038708B /* EXPMatchers+toBeIdenticalTo.h */; settings = {ATTRIBUTES = (Public, ); }; };
		E942971713B45C8F0038708B /* EXPMatchers+toBeIdenticalTo.h in Headers */ = {isa = PBXBuildFile; fileRef = E942971413B45C8D0038708B /* EXPMatchers+toBeIdenticalTo.h */; settings = {ATTRIBUTES = (Public, ); }; };
		E942971813B45C8F0038708B /* EXPMatchers+toBeIdenticalTo.m in Sources */ = {isa = PBXBuildFile; fileRef = E942971513B45C8E0038708B /* EXPMatchers+toBeIdenticalTo.m */; };
		E942971913B45C8F0038708B /* EXPMatchers+toBeIdenticalTo.m in Sources */ = {isa = PBXBuildFile; fileRef = E942971513B45C8E0038708B /* EXPMatchers+toBeIdenticalTo.m */; };
		E9685DBC13B5E39300ADF2D7 /* ExpectaSupport.h in Headers */ = {isa = PBXBuildFile; fileRef = E9685DBB13B5E39300ADF2D7 /* ExpectaSupport.h */; settings = {ATTRIBUTES = (Public, ); }; };
		E9685DBD13B5E39300ADF2D7 /* ExpectaSupport.h in Headers */ = {isa = PBXBuildFile; fileRef = E9685DBB13B5E39300ADF2D7 /* ExpectaSupport.h */; settings = {ATTRIBUTES = (Public, ); }; };
		E9685DBF13B5E5DA00ADF2D7 /* ExpectaSupport.m in Sources */ = {isa = PBXBuildFile; fileRef = E9685DBE13B5E5DA00ADF2D7 /* ExpectaSupport.m */; };
		E9685DC013B5E5DA00ADF2D7 /* ExpectaSupport.m in Sources */ = {isa = PBXBuildFile; fileRef = E9685DBE13B5E5DA00ADF2D7 /* ExpectaSupport.m */; };
		E969C52513B60234006BB8B1 /* EXPFailTest.m in Sources */ = {isa = PBXBuildFile; fileRef = E969C52213B5FD02006BB8B1 /* EXPFailTest.m */; };
		E969C52613B60234006BB8B1 /* EXPFailTest.m in Sources */ = {isa = PBXBuildFile; fileRef = E969C52213B5FD02006BB8B1 /* EXPFailTest.m */; };
		E9ACDF2113B2DD520010F4D7 /* libExpecta.a in Frameworks */ = {isa = PBXBuildFile; fileRef = E9ACDF0C13B2DD520010F4D7 /* libExpecta.a */; };
		E9ACDF5813B2DDC60010F4D7 /* EXPExpect.h in Headers */ = {isa = PBXBuildFile; fileRef = E9ACDF3D13B2DDC60010F4D7 /* EXPExpect.h */; settings = {ATTRIBUTES = (Public, ); }; };
		E9ACDF5913B2DDC60010F4D7 /* EXPExpect.m in Sources */ = {isa = PBXBuildFile; fileRef = E9ACDF3E13B2DDC60010F4D7 /* EXPExpect.m */; };
		E9ACDF5A13B2DDC60010F4D7 /* Expecta.h in Headers */ = {isa = PBXBuildFile; fileRef = E9ACDF3F13B2DDC60010F4D7 /* Expecta.h */; settings = {ATTRIBUTES = (Public, ); }; };
		E9ACDF5C13B2DDC60010F4D7 /* EXPUnsupportedObject.h in Headers */ = {isa = PBXBuildFile; fileRef = E9ACDF4113B2DDC60010F4D7 /* EXPUnsupportedObject.h */; settings = {ATTRIBUTES = (Public, ); }; };
		E9ACDF5D13B2DDC60010F4D7 /* EXPUnsupportedObject.m in Sources */ = {isa = PBXBuildFile; fileRef = E9ACDF4213B2DDC60010F4D7 /* EXPUnsupportedObject.m */; };
		E9ACDF5E13B2DDC60010F4D7 /* EXPMatcherHelpers.h in Headers */ = {isa = PBXBuildFile; fileRef = E9ACDF4413B2DDC60010F4D7 /* EXPMatcherHelpers.h */; settings = {ATTRIBUTES = (Public, ); }; };
		E9ACDF5F13B2DDC60010F4D7 /* EXPMatcherHelpers.m in Sources */ = {isa = PBXBuildFile; fileRef = E9ACDF4513B2DDC60010F4D7 /* EXPMatcherHelpers.m */; };
		E9ACDF6013B2DDC60010F4D7 /* EXPMatchers+toBeFalsy.h in Headers */ = {isa = PBXBuildFile; fileRef = E9ACDF4613B2DDC60010F4D7 /* EXPMatchers+toBeFalsy.h */; settings = {ATTRIBUTES = (Public, ); }; };
		E9ACDF6113B2DDC60010F4D7 /* EXPMatchers+toBeFalsy.m in Sources */ = {isa = PBXBuildFile; fileRef = E9ACDF4713B2DDC60010F4D7 /* EXPMatchers+toBeFalsy.m */; };
		E9ACDF6213B2DDC60010F4D7 /* EXPMatchers+toBeInstanceOf.h in Headers */ = {isa = PBXBuildFile; fileRef = E9ACDF4813B2DDC60010F4D7 /* EXPMatchers+toBeInstanceOf.h */; settings = {ATTRIBUTES = (Public, ); }; };
		E9ACDF6313B2DDC60010F4D7 /* EXPMatchers+toBeInstanceOf.m in Sources */ = {isa = PBXBuildFile; fileRef = E9ACDF4913B2DDC60010F4D7 /* EXPMatchers+toBeInstanceOf.m */; };
		E9ACDF6413B2DDC60010F4D7 /* EXPMatchers+toBeKindOf.h in Headers */ = {isa = PBXBuildFile; fileRef = E9ACDF4A13B2DDC60010F4D7 /* EXPMatchers+toBeKindOf.h */; settings = {ATTRIBUTES = (Public, ); }; };
		E9ACDF6513B2DDC60010F4D7 /* EXPMatchers+toBeKindOf.m in Sources */ = {isa = PBXBuildFile; fileRef = E9ACDF4B13B2DDC60010F4D7 /* EXPMatchers+toBeKindOf.m */; };
		E9ACDF6613B2DDC60010F4D7 /* EXPMatchers+toBeNil.h in Headers */ = {isa = PBXBuildFile; fileRef = E9ACDF4C13B2DDC60010F4D7 /* EXPMatchers+toBeNil.h */; settings = {ATTRIBUTES = (Public, ); }; };
		E9ACDF6713B2DDC60010F4D7 /* EXPMatchers+toBeNil.m in Sources */ = {isa = PBXBuildFile; fileRef = E9ACDF4D13B2DDC60010F4D7 /* EXPMatchers+toBeNil.m */; };
		E9ACDF6813B2DDC60010F4D7 /* EXPMatchers+toBeSubclassOf.h in Headers */ = {isa = PBXBuildFile; fileRef = E9ACDF4E13B2DDC60010F4D7 /* EXPMatchers+toBeSubclassOf.h */; settings = {ATTRIBUTES = (Public, ); }; };
		E9ACDF6913B2DDC60010F4D7 /* EXPMatchers+toBeSubclassOf.m in Sources */ = {isa = PBXBuildFile; fileRef = E9ACDF4F13B2DDC60010F4D7 /* EXPMatchers+toBeSubclassOf.m */; };
		E9ACDF6A13B2DDC60010F4D7 /* EXPMatchers+toBeTruthy.h in Headers */ = {isa = PBXBuildFile; fileRef = E9ACDF5013B2DDC60010F4D7 /* EXPMatchers+toBeTruthy.h */; settings = {ATTRIBUTES = (Public, ); }; };
		E9ACDF6B13B2DDC60010F4D7 /* EXPMatchers+toBeTruthy.m in Sources */ = {isa = PBXBuildFile; fileRef = E9ACDF5113B2DDC60010F4D7 /* EXPMatchers+toBeTruthy.m */; };
		E9ACDF6C13B2DDC60010F4D7 /* EXPMatchers+toEqual.h in Headers */ = {isa = PBXBuildFile; fileRef = E9ACDF5213B2DDC60010F4D7 /* EXPMatchers+toEqual.h */; settings = {ATTRIBUTES = (Public, ); }; };
		E9ACDF6D13B2DDC60010F4D7 /* EXPMatchers+toEqual.m in Sources */ = {isa = PBXBuildFile; fileRef = E9ACDF5313B2DDC60010F4D7 /* EXPMatchers+toEqual.m */; };
		E9ACDF6E13B2DDC60010F4D7 /* EXPMatchers.h in Headers */ = {isa = PBXBuildFile; fileRef = E9ACDF5413B2DDC60010F4D7 /* EXPMatchers.h */; settings = {ATTRIBUTES = (Public, ); }; };
		E9ACDF6F13B2DDC60010F4D7 /* NSObject+Expecta.h in Headers */ = {isa = PBXBuildFile; fileRef = E9ACDF5513B2DDC60010F4D7 /* NSObject+Expecta.h */; settings = {ATTRIBUTES = (Public, ); }; };
		E9ACDF7013B2DDC60010F4D7 /* NSValue+Expecta.h in Headers */ = {isa = PBXBuildFile; fileRef = E9ACDF5613B2DDC60010F4D7 /* NSValue+Expecta.h */; settings = {ATTRIBUTES = (Public, ); }; };
		E9ACDF7113B2DDC60010F4D7 /* NSValue+Expecta.m in Sources */ = {isa = PBXBuildFile; fileRef = E9ACDF5713B2DDC60010F4D7 /* NSValue+Expecta.m */; };
		E9ACDF8713B2DEB70010F4D7 /* ExpectationTest.m in Sources */ = {isa = PBXBuildFile; fileRef = E9ACDF7313B2DEB70010F4D7 /* ExpectationTest.m */; };
		E9ACDF8813B2DEB70010F4D7 /* EXPMatchers+toBeFalsyTest.m in Sources */ = {isa = PBXBuildFile; fileRef = E9ACDF7513B2DEB70010F4D7 /* EXPMatchers+toBeFalsyTest.m */; };
		E9ACDF8913B2DEB70010F4D7 /* EXPMatchers+toBeInstanceOfTest.m in Sources */ = {isa = PBXBuildFile; fileRef = E9ACDF7613B2DEB70010F4D7 /* EXPMatchers+toBeInstanceOfTest.m */; };
		E9ACDF8A13B2DEB70010F4D7 /* EXPMatchers+toBeKindOfTest.m in Sources */ = {isa = PBXBuildFile; fileRef = E9ACDF7713B2DEB70010F4D7 /* EXPMatchers+toBeKindOfTest.m */; };
		E9ACDF8B13B2DEB70010F4D7 /* EXPMatchers+toBeNilTest.m in Sources */ = {isa = PBXBuildFile; fileRef = E9ACDF7813B2DEB70010F4D7 /* EXPMatchers+toBeNilTest.m */; };
		E9ACDF8C13B2DEB70010F4D7 /* EXPMatchers+toBeSubclassOfTest.m in Sources */ = {isa = PBXBuildFile; fileRef = E9ACDF7913B2DEB70010F4D7 /* EXPMatchers+toBeSubclassOfTest.m */; };
		E9ACDF8D13B2DEB70010F4D7 /* EXPMatchers+toBeTruthyTest.m in Sources */ = {isa = PBXBuildFile; fileRef = E9ACDF7A13B2DEB70010F4D7 /* EXPMatchers+toBeTruthyTest.m */; };
		E9ACDF8E13B2DEB70010F4D7 /* EXPMatchers+toEqualTest.m in Sources */ = {isa = PBXBuildFile; fileRef = E9ACDF7B13B2DEB70010F4D7 /* EXPMatchers+toEqualTest.m */; };
		E9ACDF8F13B2DEB70010F4D7 /* NSValue+ExpectaTest.m in Sources */ = {isa = PBXBuildFile; fileRef = E9ACDF7C13B2DEB70010F4D7 /* NSValue+ExpectaTest.m */; };
		E9ACDF9E13B2E0BB0010F4D7 /* EXPExpect+Test.m in Sources */ = {isa = PBXBuildFile; fileRef = E9ACDF9813B2E0BB0010F4D7 /* EXPExpect+Test.m */; };
		E9ACDF9F13B2E0BB0010F4D7 /* FakeTestCase.m in Sources */ = {isa = PBXBuildFile; fileRef = E9ACDF9A13B2E0BB0010F4D7 /* FakeTestCase.m */; };
		E9ACDFA013B2E0BB0010F4D7 /* Fixtures.m in Sources */ = {isa = PBXBuildFile; fileRef = E9ACDF9C13B2E0BB0010F4D7 /* Fixtures.m */; };
/* End PBXBuildFile section */

/* Begin PBXContainerItemProxy section */
		E93067E013B2E6D100EA26FF /* PBXContainerItemProxy */ = {
			isa = PBXContainerItemProxy;
			containerPortal = E9ACDF0313B2DD520010F4D7 /* Project object */;
			proxyType = 1;
			remoteGlobalIDString = E93067CD13B2E6D100EA26FF;
			remoteInfo = "Expecta-iOS";
		};
		E9ACDF1F13B2DD520010F4D7 /* PBXContainerItemProxy */ = {
			isa = PBXContainerItemProxy;
			containerPortal = E9ACDF0313B2DD520010F4D7 /* Project object */;
			proxyType = 1;
			remoteGlobalIDString = E9ACDF0B13B2DD520010F4D7;
			remoteInfo = Expecta;
		};
/* End PBXContainerItemProxy section */

/* Begin PBXFileReference section */
		E930679913B2E22A00EA26FF /* Foundation.framework */ = {isa = PBXFileReference; lastKnownFileType = wrapper.framework; name = Foundation.framework; path = System/Library/Frameworks/Foundation.framework; sourceTree = SDKROOT; };
		E93067CE13B2E6D100EA26FF /* libExpecta-iOS.a */ = {isa = PBXFileReference; explicitFileType = archive.ar; includeInIndex = 0; path = "libExpecta-iOS.a"; sourceTree = BUILT_PRODUCTS_DIR; };
		E93067DA13B2E6D100EA26FF /* Expecta-iOSTests.octest */ = {isa = PBXFileReference; explicitFileType = wrapper.cfbundle; includeInIndex = 0; path = "Expecta-iOSTests.octest"; sourceTree = BUILT_PRODUCTS_DIR; };
		E94296F313B42E160038708B /* EXPMatchers+toContainTest.m */ = {isa = PBXFileReference; fileEncoding = 4; lastKnownFileType = sourcecode.c.objc; path = "EXPMatchers+toContainTest.m"; sourceTree = "<group>"; };
		E94296F613B430DE0038708B /* EXPMatchers+toContain.h */ = {isa = PBXFileReference; fileEncoding = 4; lastKnownFileType = sourcecode.c.h; path = "EXPMatchers+toContain.h"; sourceTree = "<group>"; };
		E94296F713B430DF0038708B /* EXPMatchers+toContain.m */ = {isa = PBXFileReference; fileEncoding = 4; lastKnownFileType = sourcecode.c.objc; path = "EXPMatchers+toContain.m"; sourceTree = "<group>"; };
		E942971113B45ADD0038708B /* EXPMatchers+toBeIdenticalToTest.m */ = {isa = PBXFileReference; fileEncoding = 4; lastKnownFileType = sourcecode.c.objc; path = "EXPMatchers+toBeIdenticalToTest.m"; sourceTree = "<group>"; };
		E942971413B45C8D0038708B /* EXPMatchers+toBeIdenticalTo.h */ = {isa = PBXFileReference; fileEncoding = 4; lastKnownFileType = sourcecode.c.h; path = "EXPMatchers+toBeIdenticalTo.h"; sourceTree = "<group>"; };
		E942971513B45C8E0038708B /* EXPMatchers+toBeIdenticalTo.m */ = {isa = PBXFileReference; fileEncoding = 4; lastKnownFileType = sourcecode.c.objc; path = "EXPMatchers+toBeIdenticalTo.m"; sourceTree = "<group>"; };
		E9685DBB13B5E39300ADF2D7 /* ExpectaSupport.h */ = {isa = PBXFileReference; fileEncoding = 4; lastKnownFileType = sourcecode.c.h; path = ExpectaSupport.h; sourceTree = "<group>"; };
		E9685DBE13B5E5DA00ADF2D7 /* ExpectaSupport.m */ = {isa = PBXFileReference; fileEncoding = 4; lastKnownFileType = sourcecode.c.objc; path = ExpectaSupport.m; sourceTree = "<group>"; };
		E969C52213B5FD02006BB8B1 /* EXPFailTest.m */ = {isa = PBXFileReference; fileEncoding = 4; lastKnownFileType = sourcecode.c.objc; path = EXPFailTest.m; sourceTree = "<group>"; };
		E9ACDF0C13B2DD520010F4D7 /* libExpecta.a */ = {isa = PBXFileReference; explicitFileType = archive.ar; includeInIndex = 0; path = libExpecta.a; sourceTree = BUILT_PRODUCTS_DIR; };
		E9ACDF1713B2DD520010F4D7 /* Expecta-Prefix.pch */ = {isa = PBXFileReference; lastKnownFileType = sourcecode.c.h; path = "Expecta-Prefix.pch"; sourceTree = "<group>"; };
		E9ACDF1D13B2DD520010F4D7 /* ExpectaTests.octest */ = {isa = PBXFileReference; explicitFileType = wrapper.cfbundle; includeInIndex = 0; path = ExpectaTests.octest; sourceTree = BUILT_PRODUCTS_DIR; };
		E9ACDF3D13B2DDC60010F4D7 /* EXPExpect.h */ = {isa = PBXFileReference; fileEncoding = 4; lastKnownFileType = sourcecode.c.h; path = EXPExpect.h; sourceTree = "<group>"; };
		E9ACDF3E13B2DDC60010F4D7 /* EXPExpect.m */ = {isa = PBXFileReference; fileEncoding = 4; lastKnownFileType = sourcecode.c.objc; path = EXPExpect.m; sourceTree = "<group>"; };
		E9ACDF3F13B2DDC60010F4D7 /* Expecta.h */ = {isa = PBXFileReference; fileEncoding = 4; lastKnownFileType = sourcecode.c.h; path = Expecta.h; sourceTree = "<group>"; };
		E9ACDF4113B2DDC60010F4D7 /* EXPUnsupportedObject.h */ = {isa = PBXFileReference; fileEncoding = 4; lastKnownFileType = sourcecode.c.h; path = EXPUnsupportedObject.h; sourceTree = "<group>"; };
		E9ACDF4213B2DDC60010F4D7 /* EXPUnsupportedObject.m */ = {isa = PBXFileReference; fileEncoding = 4; lastKnownFileType = sourcecode.c.objc; path = EXPUnsupportedObject.m; sourceTree = "<group>"; };
		E9ACDF4413B2DDC60010F4D7 /* EXPMatcherHelpers.h */ = {isa = PBXFileReference; fileEncoding = 4; lastKnownFileType = sourcecode.c.h; path = EXPMatcherHelpers.h; sourceTree = "<group>"; };
		E9ACDF4513B2DDC60010F4D7 /* EXPMatcherHelpers.m */ = {isa = PBXFileReference; fileEncoding = 4; lastKnownFileType = sourcecode.c.objc; path = EXPMatcherHelpers.m; sourceTree = "<group>"; };
		E9ACDF4613B2DDC60010F4D7 /* EXPMatchers+toBeFalsy.h */ = {isa = PBXFileReference; fileEncoding = 4; lastKnownFileType = sourcecode.c.h; path = "EXPMatchers+toBeFalsy.h"; sourceTree = "<group>"; };
		E9ACDF4713B2DDC60010F4D7 /* EXPMatchers+toBeFalsy.m */ = {isa = PBXFileReference; fileEncoding = 4; lastKnownFileType = sourcecode.c.objc; path = "EXPMatchers+toBeFalsy.m"; sourceTree = "<group>"; };
		E9ACDF4813B2DDC60010F4D7 /* EXPMatchers+toBeInstanceOf.h */ = {isa = PBXFileReference; fileEncoding = 4; lastKnownFileType = sourcecode.c.h; path = "EXPMatchers+toBeInstanceOf.h"; sourceTree = "<group>"; };
		E9ACDF4913B2DDC60010F4D7 /* EXPMatchers+toBeInstanceOf.m */ = {isa = PBXFileReference; fileEncoding = 4; lastKnownFileType = sourcecode.c.objc; path = "EXPMatchers+toBeInstanceOf.m"; sourceTree = "<group>"; };
		E9ACDF4A13B2DDC60010F4D7 /* EXPMatchers+toBeKindOf.h */ = {isa = PBXFileReference; fileEncoding = 4; lastKnownFileType = sourcecode.c.h; path = "EXPMatchers+toBeKindOf.h"; sourceTree = "<group>"; };
		E9ACDF4B13B2DDC60010F4D7 /* EXPMatchers+toBeKindOf.m */ = {isa = PBXFileReference; fileEncoding = 4; lastKnownFileType = sourcecode.c.objc; path = "EXPMatchers+toBeKindOf.m"; sourceTree = "<group>"; };
		E9ACDF4C13B2DDC60010F4D7 /* EXPMatchers+toBeNil.h */ = {isa = PBXFileReference; fileEncoding = 4; lastKnownFileType = sourcecode.c.h; path = "EXPMatchers+toBeNil.h"; sourceTree = "<group>"; };
		E9ACDF4D13B2DDC60010F4D7 /* EXPMatchers+toBeNil.m */ = {isa = PBXFileReference; fileEncoding = 4; lastKnownFileType = sourcecode.c.objc; path = "EXPMatchers+toBeNil.m"; sourceTree = "<group>"; };
		E9ACDF4E13B2DDC60010F4D7 /* EXPMatchers+toBeSubclassOf.h */ = {isa = PBXFileReference; fileEncoding = 4; lastKnownFileType = sourcecode.c.h; path = "EXPMatchers+toBeSubclassOf.h"; sourceTree = "<group>"; };
		E9ACDF4F13B2DDC60010F4D7 /* EXPMatchers+toBeSubclassOf.m */ = {isa = PBXFileReference; fileEncoding = 4; lastKnownFileType = sourcecode.c.objc; path = "EXPMatchers+toBeSubclassOf.m"; sourceTree = "<group>"; };
		E9ACDF5013B2DDC60010F4D7 /* EXPMatchers+toBeTruthy.h */ = {isa = PBXFileReference; fileEncoding = 4; lastKnownFileType = sourcecode.c.h; path = "EXPMatchers+toBeTruthy.h"; sourceTree = "<group>"; };
		E9ACDF5113B2DDC60010F4D7 /* EXPMatchers+toBeTruthy.m */ = {isa = PBXFileReference; fileEncoding = 4; lastKnownFileType = sourcecode.c.objc; path = "EXPMatchers+toBeTruthy.m"; sourceTree = "<group>"; };
		E9ACDF5213B2DDC60010F4D7 /* EXPMatchers+toEqual.h */ = {isa = PBXFileReference; fileEncoding = 4; lastKnownFileType = sourcecode.c.h; path = "EXPMatchers+toEqual.h"; sourceTree = "<group>"; };
		E9ACDF5313B2DDC60010F4D7 /* EXPMatchers+toEqual.m */ = {isa = PBXFileReference; fileEncoding = 4; lastKnownFileType = sourcecode.c.objc; path = "EXPMatchers+toEqual.m"; sourceTree = "<group>"; };
		E9ACDF5413B2DDC60010F4D7 /* EXPMatchers.h */ = {isa = PBXFileReference; fileEncoding = 4; lastKnownFileType = sourcecode.c.h; path = EXPMatchers.h; sourceTree = "<group>"; };
		E9ACDF5513B2DDC60010F4D7 /* NSObject+Expecta.h */ = {isa = PBXFileReference; fileEncoding = 4; lastKnownFileType = sourcecode.c.h; path = "NSObject+Expecta.h"; sourceTree = "<group>"; };
		E9ACDF5613B2DDC60010F4D7 /* NSValue+Expecta.h */ = {isa = PBXFileReference; fileEncoding = 4; lastKnownFileType = sourcecode.c.h; path = "NSValue+Expecta.h"; sourceTree = "<group>"; };
		E9ACDF5713B2DDC60010F4D7 /* NSValue+Expecta.m */ = {isa = PBXFileReference; fileEncoding = 4; lastKnownFileType = sourcecode.c.objc; path = "NSValue+Expecta.m"; sourceTree = "<group>"; };
		E9ACDF7313B2DEB70010F4D7 /* ExpectationTest.m */ = {isa = PBXFileReference; fileEncoding = 4; lastKnownFileType = sourcecode.c.objc; path = ExpectationTest.m; sourceTree = "<group>"; };
		E9ACDF7513B2DEB70010F4D7 /* EXPMatchers+toBeFalsyTest.m */ = {isa = PBXFileReference; fileEncoding = 4; lastKnownFileType = sourcecode.c.objc; path = "EXPMatchers+toBeFalsyTest.m"; sourceTree = "<group>"; };
		E9ACDF7613B2DEB70010F4D7 /* EXPMatchers+toBeInstanceOfTest.m */ = {isa = PBXFileReference; fileEncoding = 4; lastKnownFileType = sourcecode.c.objc; path = "EXPMatchers+toBeInstanceOfTest.m"; sourceTree = "<group>"; };
		E9ACDF7713B2DEB70010F4D7 /* EXPMatchers+toBeKindOfTest.m */ = {isa = PBXFileReference; fileEncoding = 4; lastKnownFileType = sourcecode.c.objc; path = "EXPMatchers+toBeKindOfTest.m"; sourceTree = "<group>"; };
		E9ACDF7813B2DEB70010F4D7 /* EXPMatchers+toBeNilTest.m */ = {isa = PBXFileReference; fileEncoding = 4; lastKnownFileType = sourcecode.c.objc; path = "EXPMatchers+toBeNilTest.m"; sourceTree = "<group>"; };
		E9ACDF7913B2DEB70010F4D7 /* EXPMatchers+toBeSubclassOfTest.m */ = {isa = PBXFileReference; fileEncoding = 4; lastKnownFileType = sourcecode.c.objc; path = "EXPMatchers+toBeSubclassOfTest.m"; sourceTree = "<group>"; };
		E9ACDF7A13B2DEB70010F4D7 /* EXPMatchers+toBeTruthyTest.m */ = {isa = PBXFileReference; fileEncoding = 4; lastKnownFileType = sourcecode.c.objc; path = "EXPMatchers+toBeTruthyTest.m"; sourceTree = "<group>"; };
		E9ACDF7B13B2DEB70010F4D7 /* EXPMatchers+toEqualTest.m */ = {isa = PBXFileReference; fileEncoding = 4; lastKnownFileType = sourcecode.c.objc; path = "EXPMatchers+toEqualTest.m"; sourceTree = "<group>"; };
		E9ACDF7C13B2DEB70010F4D7 /* NSValue+ExpectaTest.m */ = {isa = PBXFileReference; fileEncoding = 4; lastKnownFileType = sourcecode.c.objc; path = "NSValue+ExpectaTest.m"; sourceTree = "<group>"; };
		E9ACDF9413B2DEF30010F4D7 /* LICENSE */ = {isa = PBXFileReference; lastKnownFileType = text; path = LICENSE; sourceTree = "<group>"; };
		E9ACDF9513B2DEF30010F4D7 /* README.md */ = {isa = PBXFileReference; indentWidth = 1; lastKnownFileType = text; path = README.md; sourceTree = "<group>"; };
		E9ACDF9713B2E0BB0010F4D7 /* EXPExpect+Test.h */ = {isa = PBXFileReference; fileEncoding = 4; lastKnownFileType = sourcecode.c.h; path = "EXPExpect+Test.h"; sourceTree = "<group>"; };
		E9ACDF9813B2E0BB0010F4D7 /* EXPExpect+Test.m */ = {isa = PBXFileReference; fileEncoding = 4; lastKnownFileType = sourcecode.c.objc; path = "EXPExpect+Test.m"; sourceTree = "<group>"; };
		E9ACDF9913B2E0BB0010F4D7 /* FakeTestCase.h */ = {isa = PBXFileReference; fileEncoding = 4; lastKnownFileType = sourcecode.c.h; path = FakeTestCase.h; sourceTree = "<group>"; };
		E9ACDF9A13B2E0BB0010F4D7 /* FakeTestCase.m */ = {isa = PBXFileReference; fileEncoding = 4; lastKnownFileType = sourcecode.c.objc; path = FakeTestCase.m; sourceTree = "<group>"; };
		E9ACDF9B13B2E0BB0010F4D7 /* Fixtures.h */ = {isa = PBXFileReference; fileEncoding = 4; lastKnownFileType = sourcecode.c.h; path = Fixtures.h; sourceTree = "<group>"; };
		E9ACDF9C13B2E0BB0010F4D7 /* Fixtures.m */ = {isa = PBXFileReference; fileEncoding = 4; lastKnownFileType = sourcecode.c.objc; path = Fixtures.m; sourceTree = "<group>"; };
		E9ACDF9D13B2E0BB0010F4D7 /* TestHelper.h */ = {isa = PBXFileReference; fileEncoding = 4; lastKnownFileType = sourcecode.c.h; path = TestHelper.h; sourceTree = "<group>"; };
		E9ACDFA213B2E0CC0010F4D7 /* Test-Info.plist */ = {isa = PBXFileReference; fileEncoding = 4; lastKnownFileType = text.plist.xml; path = "Test-Info.plist"; sourceTree = "<group>"; };
		E9ACDFA313B2E0CC0010F4D7 /* Test-Prefix.pch */ = {isa = PBXFileReference; fileEncoding = 4; lastKnownFileType = sourcecode.c.h; path = "Test-Prefix.pch"; sourceTree = "<group>"; };
/* End PBXFileReference section */

/* Begin PBXFrameworksBuildPhase section */
		E93067CB13B2E6D100EA26FF /* Frameworks */ = {
			isa = PBXFrameworksBuildPhase;
			buildActionMask = 2147483647;
			files = (
				E94296F113B42BF60038708B /* Foundation.framework in Frameworks */,
			);
			runOnlyForDeploymentPostprocessing = 0;
		};
		E93067D613B2E6D100EA26FF /* Frameworks */ = {
			isa = PBXFrameworksBuildPhase;
			buildActionMask = 2147483647;
			files = (
				E94296F213B42BFA0038708B /* Foundation.framework in Frameworks */,
				E93067E213B2E6D100EA26FF /* libExpecta-iOS.a in Frameworks */,
			);
			runOnlyForDeploymentPostprocessing = 0;
		};
		E9ACDF0913B2DD520010F4D7 /* Frameworks */ = {
			isa = PBXFrameworksBuildPhase;
			buildActionMask = 2147483647;
			files = (
				E930679C13B2E24B00EA26FF /* Foundation.framework in Frameworks */,
			);
			runOnlyForDeploymentPostprocessing = 0;
		};
		E9ACDF1913B2DD520010F4D7 /* Frameworks */ = {
			isa = PBXFrameworksBuildPhase;
			buildActionMask = 2147483647;
			files = (
				E930679B13B2E24100EA26FF /* Foundation.framework in Frameworks */,
				E9ACDF2113B2DD520010F4D7 /* libExpecta.a in Frameworks */,
			);
			runOnlyForDeploymentPostprocessing = 0;
		};
/* End PBXFrameworksBuildPhase section */

/* Begin PBXGroup section */
		E9ACDF0113B2DD520010F4D7 = {
			isa = PBXGroup;
			children = (
				E9ACDF9413B2DEF30010F4D7 /* LICENSE */,
				E9ACDF9513B2DEF30010F4D7 /* README.md */,
				E9ACDF3C13B2DDB00010F4D7 /* src */,
				E9ACDF7213B2DEB70010F4D7 /* test */,
				E9ACDF0E13B2DD520010F4D7 /* frameworks */,
				E9ACDF0D13B2DD520010F4D7 /* products */,
			);
			sourceTree = "<group>";
		};
		E9ACDF0D13B2DD520010F4D7 /* products */ = {
			isa = PBXGroup;
			children = (
				E9ACDF0C13B2DD520010F4D7 /* libExpecta.a */,
				E9ACDF1D13B2DD520010F4D7 /* ExpectaTests.octest */,
				E93067CE13B2E6D100EA26FF /* libExpecta-iOS.a */,
				E93067DA13B2E6D100EA26FF /* Expecta-iOSTests.octest */,
			);
			name = products;
			sourceTree = "<group>";
		};
		E9ACDF0E13B2DD520010F4D7 /* frameworks */ = {
			isa = PBXGroup;
			children = (
				E930679913B2E22A00EA26FF /* Foundation.framework */,
			);
			name = frameworks;
			sourceTree = "<group>";
		};
		E9ACDF3C13B2DDB00010F4D7 /* src */ = {
			isa = PBXGroup;
			children = (
				E9ACDF4313B2DDC60010F4D7 /* matchers */,
				E9ACDF1713B2DD520010F4D7 /* Expecta-Prefix.pch */,
				E9ACDF3F13B2DDC60010F4D7 /* Expecta.h */,
				E9685DBB13B5E39300ADF2D7 /* ExpectaSupport.h */,
				E9685DBE13B5E5DA00ADF2D7 /* ExpectaSupport.m */,
				E9ACDF3D13B2DDC60010F4D7 /* EXPExpect.h */,
				E9ACDF3E13B2DDC60010F4D7 /* EXPExpect.m */,
				E9ACDF4113B2DDC60010F4D7 /* EXPUnsupportedObject.h */,
				E9ACDF4213B2DDC60010F4D7 /* EXPUnsupportedObject.m */,
				E9ACDF5613B2DDC60010F4D7 /* NSValue+Expecta.h */,
				E9ACDF5713B2DDC60010F4D7 /* NSValue+Expecta.m */,
				E9ACDF5513B2DDC60010F4D7 /* NSObject+Expecta.h */,
			);
			path = src;
			sourceTree = "<group>";
		};
		E9ACDF4313B2DDC60010F4D7 /* matchers */ = {
			isa = PBXGroup;
			children = (
				E9ACDF5413B2DDC60010F4D7 /* EXPMatchers.h */,
				E9ACDF4413B2DDC60010F4D7 /* EXPMatcherHelpers.h */,
				E9ACDF4513B2DDC60010F4D7 /* EXPMatcherHelpers.m */,
				E9ACDF4813B2DDC60010F4D7 /* EXPMatchers+toBeInstanceOf.h */,
				E9ACDF4913B2DDC60010F4D7 /* EXPMatchers+toBeInstanceOf.m */,
				E9ACDF4A13B2DDC60010F4D7 /* EXPMatchers+toBeKindOf.h */,
				E9ACDF4B13B2DDC60010F4D7 /* EXPMatchers+toBeKindOf.m */,
				E9ACDF4C13B2DDC60010F4D7 /* EXPMatchers+toBeNil.h */,
				E9ACDF4D13B2DDC60010F4D7 /* EXPMatchers+toBeNil.m */,
				E9ACDF4E13B2DDC60010F4D7 /* EXPMatchers+toBeSubclassOf.h */,
				E9ACDF4F13B2DDC60010F4D7 /* EXPMatchers+toBeSubclassOf.m */,
				E9ACDF5013B2DDC60010F4D7 /* EXPMatchers+toBeTruthy.h */,
				E9ACDF5113B2DDC60010F4D7 /* EXPMatchers+toBeTruthy.m */,
				E9ACDF4613B2DDC60010F4D7 /* EXPMatchers+toBeFalsy.h */,
				E9ACDF4713B2DDC60010F4D7 /* EXPMatchers+toBeFalsy.m */,
				E9ACDF5213B2DDC60010F4D7 /* EXPMatchers+toEqual.h */,
				E9ACDF5313B2DDC60010F4D7 /* EXPMatchers+toEqual.m */,
				E94296F613B430DE0038708B /* EXPMatchers+toContain.h */,
				E94296F713B430DF0038708B /* EXPMatchers+toContain.m */,
				E942971413B45C8D0038708B /* EXPMatchers+toBeIdenticalTo.h */,
				E942971513B45C8E0038708B /* EXPMatchers+toBeIdenticalTo.m */,
			);
			path = matchers;
			sourceTree = "<group>";
		};
		E9ACDF7213B2DEB70010F4D7 /* test */ = {
			isa = PBXGroup;
			children = (
				E9ACDFA113B2E0CC0010F4D7 /* support */,
				E9ACDF7413B2DEB70010F4D7 /* matchers */,
				E9ACDF9613B2E0BB0010F4D7 /* helpers */,
				E9ACDF7313B2DEB70010F4D7 /* ExpectationTest.m */,
				E9ACDF7C13B2DEB70010F4D7 /* NSValue+ExpectaTest.m */,
				E969C52213B5FD02006BB8B1 /* EXPFailTest.m */,
			);
			path = test;
			sourceTree = "<group>";
		};
		E9ACDF7413B2DEB70010F4D7 /* matchers */ = {
			isa = PBXGroup;
			children = (
				E942971113B45ADD0038708B /* EXPMatchers+toBeIdenticalToTest.m */,
				E9ACDF7613B2DEB70010F4D7 /* EXPMatchers+toBeInstanceOfTest.m */,
				E9ACDF7713B2DEB70010F4D7 /* EXPMatchers+toBeKindOfTest.m */,
				E9ACDF7813B2DEB70010F4D7 /* EXPMatchers+toBeNilTest.m */,
				E9ACDF7913B2DEB70010F4D7 /* EXPMatchers+toBeSubclassOfTest.m */,
				E9ACDF7A13B2DEB70010F4D7 /* EXPMatchers+toBeTruthyTest.m */,
				E9ACDF7513B2DEB70010F4D7 /* EXPMatchers+toBeFalsyTest.m */,
				E9ACDF7B13B2DEB70010F4D7 /* EXPMatchers+toEqualTest.m */,
				E94296F313B42E160038708B /* EXPMatchers+toContainTest.m */,
			);
			path = matchers;
			sourceTree = "<group>";
		};
		E9ACDF9613B2E0BB0010F4D7 /* helpers */ = {
			isa = PBXGroup;
			children = (
				E9ACDF9713B2E0BB0010F4D7 /* EXPExpect+Test.h */,
				E9ACDF9813B2E0BB0010F4D7 /* EXPExpect+Test.m */,
				E9ACDF9913B2E0BB0010F4D7 /* FakeTestCase.h */,
				E9ACDF9A13B2E0BB0010F4D7 /* FakeTestCase.m */,
				E9ACDF9B13B2E0BB0010F4D7 /* Fixtures.h */,
				E9ACDF9C13B2E0BB0010F4D7 /* Fixtures.m */,
				E9ACDF9D13B2E0BB0010F4D7 /* TestHelper.h */,
			);
			path = helpers;
			sourceTree = "<group>";
		};
		E9ACDFA113B2E0CC0010F4D7 /* support */ = {
			isa = PBXGroup;
			children = (
				E9ACDFA213B2E0CC0010F4D7 /* Test-Info.plist */,
				E9ACDFA313B2E0CC0010F4D7 /* Test-Prefix.pch */,
			);
			path = support;
			sourceTree = "<group>";
		};
/* End PBXGroup section */

/* Begin PBXHeadersBuildPhase section */
		E93067CC13B2E6D100EA26FF /* Headers */ = {
			isa = PBXHeadersBuildPhase;
			buildActionMask = 2147483647;
			files = (
				E930680213B2E81500EA26FF /* Expecta.h in Headers */,
				E930680313B2E81800EA26FF /* EXPExpect.h in Headers */,
				E930680513B2E81E00EA26FF /* EXPUnsupportedObject.h in Headers */,
				E930680713B2E82400EA26FF /* NSValue+Expecta.h in Headers */,
				E930680913B2E82800EA26FF /* NSObject+Expecta.h in Headers */,
				E930680A13B2E83500EA26FF /* EXPMatchers.h in Headers */,
				E930680B13B2E83800EA26FF /* EXPMatcherHelpers.h in Headers */,
				E930680D13B2E83E00EA26FF /* EXPMatchers+toBeFalsy.h in Headers */,
				E930680F13B2E84400EA26FF /* EXPMatchers+toBeInstanceOf.h in Headers */,
				E930681113B2E84900EA26FF /* EXPMatchers+toBeKindOf.h in Headers */,
				E930681313B2E84E00EA26FF /* EXPMatchers+toBeNil.h in Headers */,
				E930681513B2E85400EA26FF /* EXPMatchers+toBeSubclassOf.h in Headers */,
				E930681713B2E85900EA26FF /* EXPMatchers+toBeTruthy.h in Headers */,
				E930681A13B2E86000EA26FF /* EXPMatchers+toEqual.h in Headers */,
				E94296F913B430DF0038708B /* EXPMatchers+toContain.h in Headers */,
				E942971713B45C8F0038708B /* EXPMatchers+toBeIdenticalTo.h in Headers */,
				E9685DBD13B5E39300ADF2D7 /* ExpectaSupport.h in Headers */,
			);
			runOnlyForDeploymentPostprocessing = 0;
		};
		E9ACDF0A13B2DD520010F4D7 /* Headers */ = {
			isa = PBXHeadersBuildPhase;
			buildActionMask = 2147483647;
			files = (
				E9ACDF5A13B2DDC60010F4D7 /* Expecta.h in Headers */,
				E9ACDF5813B2DDC60010F4D7 /* EXPExpect.h in Headers */,
				E9ACDF5C13B2DDC60010F4D7 /* EXPUnsupportedObject.h in Headers */,
				E9ACDF5E13B2DDC60010F4D7 /* EXPMatcherHelpers.h in Headers */,
				E9ACDF6013B2DDC60010F4D7 /* EXPMatchers+toBeFalsy.h in Headers */,
				E9ACDF6213B2DDC60010F4D7 /* EXPMatchers+toBeInstanceOf.h in Headers */,
				E9ACDF6413B2DDC60010F4D7 /* EXPMatchers+toBeKindOf.h in Headers */,
				E9ACDF6613B2DDC60010F4D7 /* EXPMatchers+toBeNil.h in Headers */,
				E9ACDF6813B2DDC60010F4D7 /* EXPMatchers+toBeSubclassOf.h in Headers */,
				E9ACDF6A13B2DDC60010F4D7 /* EXPMatchers+toBeTruthy.h in Headers */,
				E9ACDF6C13B2DDC60010F4D7 /* EXPMatchers+toEqual.h in Headers */,
				E9ACDF6E13B2DDC60010F4D7 /* EXPMatchers.h in Headers */,
				E9ACDF6F13B2DDC60010F4D7 /* NSObject+Expecta.h in Headers */,
				E9ACDF7013B2DDC60010F4D7 /* NSValue+Expecta.h in Headers */,
				E94296F813B430DF0038708B /* EXPMatchers+toContain.h in Headers */,
				E942971613B45C8F0038708B /* EXPMatchers+toBeIdenticalTo.h in Headers */,
				E9685DBC13B5E39300ADF2D7 /* ExpectaSupport.h in Headers */,
			);
			runOnlyForDeploymentPostprocessing = 0;
		};
/* End PBXHeadersBuildPhase section */

/* Begin PBXNativeTarget section */
		E93067CD13B2E6D100EA26FF /* Expecta-iOS */ = {
			isa = PBXNativeTarget;
			buildConfigurationList = E93067F213B2E6D100EA26FF /* Build configuration list for PBXNativeTarget "Expecta-iOS" */;
			buildPhases = (
				E93067CA13B2E6D100EA26FF /* Sources */,
				E93067CB13B2E6D100EA26FF /* Frameworks */,
				E93067CC13B2E6D100EA26FF /* Headers */,
			);
			buildRules = (
			);
			dependencies = (
			);
			name = "Expecta-iOS";
			productName = "Expecta-iOS";
			productReference = E93067CE13B2E6D100EA26FF /* libExpecta-iOS.a */;
			productType = "com.apple.product-type.library.static";
		};
		E93067D913B2E6D100EA26FF /* Expecta-iOSTests */ = {
			isa = PBXNativeTarget;
			buildConfigurationList = E93067F313B2E6D100EA26FF /* Build configuration list for PBXNativeTarget "Expecta-iOSTests" */;
			buildPhases = (
				E93067D513B2E6D100EA26FF /* Sources */,
				E93067D613B2E6D100EA26FF /* Frameworks */,
				E93067D713B2E6D100EA26FF /* Resources */,
				E93067D813B2E6D100EA26FF /* ShellScript */,
			);
			buildRules = (
			);
			dependencies = (
				E93067E113B2E6D100EA26FF /* PBXTargetDependency */,
			);
			name = "Expecta-iOSTests";
			productName = "Expecta-iOSTests";
			productReference = E93067DA13B2E6D100EA26FF /* Expecta-iOSTests.octest */;
			productType = "com.apple.product-type.bundle";
		};
		E9ACDF0B13B2DD520010F4D7 /* Expecta */ = {
			isa = PBXNativeTarget;
			buildConfigurationList = E9ACDF2F13B2DD520010F4D7 /* Build configuration list for PBXNativeTarget "Expecta" */;
			buildPhases = (
				E9ACDF0813B2DD520010F4D7 /* Sources */,
				E9ACDF0913B2DD520010F4D7 /* Frameworks */,
				E9ACDF0A13B2DD520010F4D7 /* Headers */,
			);
			buildRules = (
			);
			dependencies = (
			);
			name = Expecta;
			productName = Expecta;
			productReference = E9ACDF0C13B2DD520010F4D7 /* libExpecta.a */;
			productType = "com.apple.product-type.library.static";
		};
		E9ACDF1C13B2DD520010F4D7 /* ExpectaTests */ = {
			isa = PBXNativeTarget;
			buildConfigurationList = E9ACDF3213B2DD520010F4D7 /* Build configuration list for PBXNativeTarget "ExpectaTests" */;
			buildPhases = (
				E9ACDF1813B2DD520010F4D7 /* Sources */,
				E9ACDF1913B2DD520010F4D7 /* Frameworks */,
				E9ACDF1A13B2DD520010F4D7 /* Resources */,
				E9ACDF1B13B2DD520010F4D7 /* ShellScript */,
			);
			buildRules = (
			);
			dependencies = (
				E9ACDF2013B2DD520010F4D7 /* PBXTargetDependency */,
			);
			name = ExpectaTests;
			productName = ExpectaTests;
			productReference = E9ACDF1D13B2DD520010F4D7 /* ExpectaTests.octest */;
			productType = "com.apple.product-type.bundle";
		};
/* End PBXNativeTarget section */

/* Begin PBXProject section */
		E9ACDF0313B2DD520010F4D7 /* Project object */ = {
			isa = PBXProject;
			buildConfigurationList = E9ACDF0613B2DD520010F4D7 /* Build configuration list for PBXProject "Expecta" */;
			compatibilityVersion = "Xcode 3.2";
			developmentRegion = English;
			hasScannedForEncodings = 0;
			knownRegions = (
				en,
			);
			mainGroup = E9ACDF0113B2DD520010F4D7;
			productRefGroup = E9ACDF0D13B2DD520010F4D7 /* products */;
			projectDirPath = "";
			projectRoot = "";
			targets = (
				E9ACDF0B13B2DD520010F4D7 /* Expecta */,
				E93067CD13B2E6D100EA26FF /* Expecta-iOS */,
				E9ACDF1C13B2DD520010F4D7 /* ExpectaTests */,
				E93067D913B2E6D100EA26FF /* Expecta-iOSTests */,
			);
		};
/* End PBXProject section */

/* Begin PBXResourcesBuildPhase section */
		E93067D713B2E6D100EA26FF /* Resources */ = {
			isa = PBXResourcesBuildPhase;
			buildActionMask = 2147483647;
			files = (
			);
			runOnlyForDeploymentPostprocessing = 0;
		};
		E9ACDF1A13B2DD520010F4D7 /* Resources */ = {
			isa = PBXResourcesBuildPhase;
			buildActionMask = 2147483647;
			files = (
			);
			runOnlyForDeploymentPostprocessing = 0;
		};
/* End PBXResourcesBuildPhase section */

/* Begin PBXShellScriptBuildPhase section */
		E93067D813B2E6D100EA26FF /* ShellScript */ = {
			isa = PBXShellScriptBuildPhase;
			buildActionMask = 2147483647;
			files = (
			);
			inputPaths = (
			);
			outputPaths = (
			);
			runOnlyForDeploymentPostprocessing = 0;
			shellPath = /bin/sh;
			shellScript = "# Run the unit tests in this test bundle.\n\"${SYSTEM_DEVELOPER_DIR}/Tools/RunUnitTests\"\n";
		};
		E9ACDF1B13B2DD520010F4D7 /* ShellScript */ = {
			isa = PBXShellScriptBuildPhase;
			buildActionMask = 2147483647;
			files = (
			);
			inputPaths = (
			);
			outputPaths = (
			);
			runOnlyForDeploymentPostprocessing = 0;
			shellPath = /bin/sh;
			shellScript = "# Run the unit tests in this test bundle.\n\"${SYSTEM_DEVELOPER_DIR}/Tools/RunUnitTests\"\n";
		};
/* End PBXShellScriptBuildPhase section */

/* Begin PBXSourcesBuildPhase section */
		E93067CA13B2E6D100EA26FF /* Sources */ = {
			isa = PBXSourcesBuildPhase;
			buildActionMask = 2147483647;
			files = (
				E930680413B2E81C00EA26FF /* EXPExpect.m in Sources */,
				E930680613B2E82100EA26FF /* EXPUnsupportedObject.m in Sources */,
				E930680813B2E82500EA26FF /* NSValue+Expecta.m in Sources */,
				E930680C13B2E83A00EA26FF /* EXPMatcherHelpers.m in Sources */,
				E930680E13B2E84100EA26FF /* EXPMatchers+toBeFalsy.m in Sources */,
				E930681013B2E84700EA26FF /* EXPMatchers+toBeInstanceOf.m in Sources */,
				E930681213B2E84B00EA26FF /* EXPMatchers+toBeKindOf.m in Sources */,
				E930681413B2E85100EA26FF /* EXPMatchers+toBeNil.m in Sources */,
				E930681613B2E85700EA26FF /* EXPMatchers+toBeSubclassOf.m in Sources */,
				E930681813B2E85B00EA26FF /* EXPMatchers+toBeTruthy.m in Sources */,
				E930681913B2E85E00EA26FF /* EXPMatchers+toEqual.m in Sources */,
				E94296FB13B430DF0038708B /* EXPMatchers+toContain.m in Sources */,
				E942971913B45C8F0038708B /* EXPMatchers+toBeIdenticalTo.m in Sources */,
				E9685DC013B5E5DA00ADF2D7 /* ExpectaSupport.m in Sources */,
			);
			runOnlyForDeploymentPostprocessing = 0;
		};
		E93067D513B2E6D100EA26FF /* Sources */ = {
			isa = PBXSourcesBuildPhase;
			buildActionMask = 2147483647;
			files = (
				E93067F513B2E7D900EA26FF /* ExpectationTest.m in Sources */,
				E93067F613B2E7DC00EA26FF /* NSValue+ExpectaTest.m in Sources */,
				E93067F713B2E7E100EA26FF /* EXPMatchers+toBeFalsyTest.m in Sources */,
				E93067F813B2E7E500EA26FF /* EXPMatchers+toBeInstanceOfTest.m in Sources */,
				E93067F913B2E7EA00EA26FF /* EXPMatchers+toBeKindOfTest.m in Sources */,
				E93067FA13B2E7EC00EA26FF /* EXPMatchers+toBeNilTest.m in Sources */,
				E93067FB13B2E7EE00EA26FF /* EXPMatchers+toBeSubclassOfTest.m in Sources */,
				E93067FC13B2E7F000EA26FF /* EXPMatchers+toBeTruthyTest.m in Sources */,
				E93067FD13B2E7F300EA26FF /* EXPMatchers+toEqualTest.m in Sources */,
				E93067FE13B2E7FD00EA26FF /* EXPExpect+Test.m in Sources */,
				E93067FF13B2E80000EA26FF /* FakeTestCase.m in Sources */,
				E930680013B2E80200EA26FF /* Fixtures.m in Sources */,
				E94296F513B42E160038708B /* EXPMatchers+toContainTest.m in Sources */,
				E942971313B45ADD0038708B /* EXPMatchers+toBeIdenticalToTest.m in Sources */,
				E969C52613B60234006BB8B1 /* EXPFailTest.m in Sources */,
			);
			runOnlyForDeploymentPostprocessing = 0;
		};
		E9ACDF0813B2DD520010F4D7 /* Sources */ = {
			isa = PBXSourcesBuildPhase;
			buildActionMask = 2147483647;
			files = (
				E9ACDF5913B2DDC60010F4D7 /* EXPExpect.m in Sources */,
				E9ACDF5D13B2DDC60010F4D7 /* EXPUnsupportedObject.m in Sources */,
				E9ACDF5F13B2DDC60010F4D7 /* EXPMatcherHelpers.m in Sources */,
				E9ACDF6113B2DDC60010F4D7 /* EXPMatchers+toBeFalsy.m in Sources */,
				E9ACDF6313B2DDC60010F4D7 /* EXPMatchers+toBeInstanceOf.m in Sources */,
				E9ACDF6513B2DDC60010F4D7 /* EXPMatchers+toBeKindOf.m in Sources */,
				E9ACDF6713B2DDC60010F4D7 /* EXPMatchers+toBeNil.m in Sources */,
				E9ACDF6913B2DDC60010F4D7 /* EXPMatchers+toBeSubclassOf.m in Sources */,
				E9ACDF6B13B2DDC60010F4D7 /* EXPMatchers+toBeTruthy.m in Sources */,
				E9ACDF6D13B2DDC60010F4D7 /* EXPMatchers+toEqual.m in Sources */,
				E9ACDF7113B2DDC60010F4D7 /* NSValue+Expecta.m in Sources */,
				E94296FA13B430DF0038708B /* EXPMatchers+toContain.m in Sources */,
				E942971813B45C8F0038708B /* EXPMatchers+toBeIdenticalTo.m in Sources */,
				E9685DBF13B5E5DA00ADF2D7 /* ExpectaSupport.m in Sources */,
			);
			runOnlyForDeploymentPostprocessing = 0;
		};
		E9ACDF1813B2DD520010F4D7 /* Sources */ = {
			isa = PBXSourcesBuildPhase;
			buildActionMask = 2147483647;
			files = (
				E9ACDF8713B2DEB70010F4D7 /* ExpectationTest.m in Sources */,
				E9ACDF8813B2DEB70010F4D7 /* EXPMatchers+toBeFalsyTest.m in Sources */,
				E9ACDF8913B2DEB70010F4D7 /* EXPMatchers+toBeInstanceOfTest.m in Sources */,
				E9ACDF8A13B2DEB70010F4D7 /* EXPMatchers+toBeKindOfTest.m in Sources */,
				E9ACDF8B13B2DEB70010F4D7 /* EXPMatchers+toBeNilTest.m in Sources */,
				E9ACDF8C13B2DEB70010F4D7 /* EXPMatchers+toBeSubclassOfTest.m in Sources */,
				E9ACDF8D13B2DEB70010F4D7 /* EXPMatchers+toBeTruthyTest.m in Sources */,
				E9ACDF8E13B2DEB70010F4D7 /* EXPMatchers+toEqualTest.m in Sources */,
				E9ACDF8F13B2DEB70010F4D7 /* NSValue+ExpectaTest.m in Sources */,
				E9ACDF9E13B2E0BB0010F4D7 /* EXPExpect+Test.m in Sources */,
				E9ACDF9F13B2E0BB0010F4D7 /* FakeTestCase.m in Sources */,
				E9ACDFA013B2E0BB0010F4D7 /* Fixtures.m in Sources */,
				E94296F413B42E160038708B /* EXPMatchers+toContainTest.m in Sources */,
				E942971213B45ADD0038708B /* EXPMatchers+toBeIdenticalToTest.m in Sources */,
				E969C52513B60234006BB8B1 /* EXPFailTest.m in Sources */,
			);
			runOnlyForDeploymentPostprocessing = 0;
		};
/* End PBXSourcesBuildPhase section */

/* Begin PBXTargetDependency section */
		E93067E113B2E6D100EA26FF /* PBXTargetDependency */ = {
			isa = PBXTargetDependency;
			target = E93067CD13B2E6D100EA26FF /* Expecta-iOS */;
			targetProxy = E93067E013B2E6D100EA26FF /* PBXContainerItemProxy */;
		};
		E9ACDF2013B2DD520010F4D7 /* PBXTargetDependency */ = {
			isa = PBXTargetDependency;
			target = E9ACDF0B13B2DD520010F4D7 /* Expecta */;
			targetProxy = E9ACDF1F13B2DD520010F4D7 /* PBXContainerItemProxy */;
		};
/* End PBXTargetDependency section */

/* Begin XCBuildConfiguration section */
		E93067EE13B2E6D100EA26FF /* Debug */ = {
			isa = XCBuildConfiguration;
			buildSettings = {
				ALWAYS_SEARCH_USER_PATHS = NO;
				ARCHS = "$(ARCHS_STANDARD_32_BIT)";
				DSTROOT = /tmp/Expecta_iOS.dst;
				GCC_PRECOMPILE_PREFIX_HEADER = YES;
				GCC_PREFIX_HEADER = "src/Expecta-Prefix.pch";
				GCC_VERSION = 4.2;
				IPHONEOS_DEPLOYMENT_TARGET = 4.0;
				PRIVATE_HEADERS_FOLDER_PATH = "";
				PRODUCT_NAME = "$(TARGET_NAME)";
				PUBLIC_HEADERS_FOLDER_PATH = "";
				SDKROOT = iphoneos;
				TARGETED_DEVICE_FAMILY = "1,2";
			};
			name = Debug;
		};
		E93067EF13B2E6D100EA26FF /* Release */ = {
			isa = XCBuildConfiguration;
			buildSettings = {
				ALWAYS_SEARCH_USER_PATHS = NO;
				ARCHS = "$(ARCHS_STANDARD_32_BIT)";
				DSTROOT = /tmp/Expecta_iOS.dst;
				GCC_PRECOMPILE_PREFIX_HEADER = YES;
				GCC_PREFIX_HEADER = "src/Expecta-Prefix.pch";
				GCC_VERSION = com.apple.compilers.llvm.clang.1_0;
				IPHONEOS_DEPLOYMENT_TARGET = 4.0;
				PRIVATE_HEADERS_FOLDER_PATH = "";
				PRODUCT_NAME = "$(TARGET_NAME)";
				PUBLIC_HEADERS_FOLDER_PATH = "";
				SDKROOT = iphoneos;
				TARGETED_DEVICE_FAMILY = "1,2";
			};
			name = Release;
		};
		E93067F013B2E6D100EA26FF /* Debug */ = {
			isa = XCBuildConfiguration;
			buildSettings = {
				ALWAYS_SEARCH_USER_PATHS = NO;
				ARCHS = "$(ARCHS_STANDARD_32_BIT)";
				FRAMEWORK_SEARCH_PATHS = (
					"$(SDKROOT)/Developer/Library/Frameworks",
					"$(DEVELOPER_LIBRARY_DIR)/Frameworks",
				);
				GCC_PRECOMPILE_PREFIX_HEADER = YES;
				GCC_PREFIX_HEADER = "test/support/Test-Prefix.pch";
				GCC_VERSION = 4.2;
				INFOPLIST_FILE = "test/support/Test-Info.plist";
				IPHONEOS_DEPLOYMENT_TARGET = 4.0;
				OTHER_LDFLAGS = (
					"-framework",
					SenTestingKit,
					"-ObjC",
				);
				PRODUCT_NAME = "$(TARGET_NAME)";
				SDKROOT = iphoneos;
				TARGETED_DEVICE_FAMILY = "1,2";
				WRAPPER_EXTENSION = octest;
			};
			name = Debug;
		};
		E93067F113B2E6D100EA26FF /* Release */ = {
			isa = XCBuildConfiguration;
			buildSettings = {
				ALWAYS_SEARCH_USER_PATHS = NO;
				ARCHS = "$(ARCHS_STANDARD_32_BIT)";
				FRAMEWORK_SEARCH_PATHS = (
					"$(SDKROOT)/Developer/Library/Frameworks",
					"$(DEVELOPER_LIBRARY_DIR)/Frameworks",
				);
				GCC_PRECOMPILE_PREFIX_HEADER = YES;
				GCC_PREFIX_HEADER = "test/support/Test-Prefix.pch";
				GCC_VERSION = com.apple.compilers.llvm.clang.1_0;
				INFOPLIST_FILE = "test/support/Test-Info.plist";
				IPHONEOS_DEPLOYMENT_TARGET = 4.0;
				OTHER_LDFLAGS = (
					"-framework",
					SenTestingKit,
					"-ObjC",
				);
				PRODUCT_NAME = "$(TARGET_NAME)";
				SDKROOT = iphoneos;
				TARGETED_DEVICE_FAMILY = "1,2";
				WRAPPER_EXTENSION = octest;
			};
			name = Release;
		};
		E9ACDF2D13B2DD520010F4D7 /* Debug */ = {
			isa = XCBuildConfiguration;
			buildSettings = {
				ARCHS = "$(ARCHS_STANDARD_32_64_BIT)";
				GCC_C_LANGUAGE_STANDARD = gnu99;
				GCC_OPTIMIZATION_LEVEL = 0;
				GCC_PREPROCESSOR_DEFINITIONS = DEBUG;
				GCC_SYMBOLS_PRIVATE_EXTERN = NO;
				GCC_VERSION = com.apple.compilers.llvm.clang.1_0;
				GCC_WARN_64_TO_32_BIT_CONVERSION = YES;
				GCC_WARN_ABOUT_RETURN_TYPE = YES;
				GCC_WARN_UNUSED_VARIABLE = YES;
				MACOSX_DEPLOYMENT_TARGET = 10.6;
				ONLY_ACTIVE_ARCH = YES;
				SDKROOT = macosx;
			};
			name = Debug;
		};
		E9ACDF2E13B2DD520010F4D7 /* Release */ = {
			isa = XCBuildConfiguration;
			buildSettings = {
				ARCHS = "$(ARCHS_STANDARD_32_64_BIT)";
				GCC_C_LANGUAGE_STANDARD = gnu99;
				GCC_VERSION = com.apple.compilers.llvm.clang.1_0;
				GCC_WARN_64_TO_32_BIT_CONVERSION = YES;
				GCC_WARN_ABOUT_RETURN_TYPE = YES;
				GCC_WARN_UNUSED_VARIABLE = YES;
				MACOSX_DEPLOYMENT_TARGET = 10.6;
				SDKROOT = macosx;
			};
			name = Release;
		};
		E9ACDF3013B2DD520010F4D7 /* Debug */ = {
			isa = XCBuildConfiguration;
			buildSettings = {
				ALWAYS_SEARCH_USER_PATHS = NO;
				COPY_PHASE_STRIP = NO;
				GCC_DYNAMIC_NO_PIC = NO;
				GCC_ENABLE_OBJC_EXCEPTIONS = YES;
				GCC_ENABLE_OBJC_GC = supported;
				GCC_PRECOMPILE_PREFIX_HEADER = YES;
				GCC_PREFIX_HEADER = "src/Expecta-Prefix.pch";
				GCC_VERSION = 4.2;
				PRIVATE_HEADERS_FOLDER_PATH = "";
				PRODUCT_NAME = "$(TARGET_NAME)";
				PUBLIC_HEADERS_FOLDER_PATH = "";
			};
			name = Debug;
		};
		E9ACDF3113B2DD520010F4D7 /* Release */ = {
			isa = XCBuildConfiguration;
			buildSettings = {
				ALWAYS_SEARCH_USER_PATHS = NO;
				COPY_PHASE_STRIP = YES;
				DEBUG_INFORMATION_FORMAT = "dwarf-with-dsym";
				GCC_ENABLE_OBJC_EXCEPTIONS = YES;
				GCC_ENABLE_OBJC_GC = supported;
				GCC_PRECOMPILE_PREFIX_HEADER = YES;
				GCC_PREFIX_HEADER = "src/Expecta-Prefix.pch";
				GCC_VERSION = com.apple.compilers.llvm.clang.1_0;
				PRIVATE_HEADERS_FOLDER_PATH = "";
				PRODUCT_NAME = "$(TARGET_NAME)";
				PUBLIC_HEADERS_FOLDER_PATH = "";
			};
			name = Release;
		};
		E9ACDF3313B2DD520010F4D7 /* Debug */ = {
			isa = XCBuildConfiguration;
			buildSettings = {
				ALWAYS_SEARCH_USER_PATHS = NO;
				COPY_PHASE_STRIP = NO;
				FRAMEWORK_SEARCH_PATHS = "$(DEVELOPER_LIBRARY_DIR)/Frameworks";
				GCC_DYNAMIC_NO_PIC = NO;
				GCC_ENABLE_OBJC_EXCEPTIONS = YES;
				GCC_PRECOMPILE_PREFIX_HEADER = YES;
				GCC_PREFIX_HEADER = "test/support/Test-Prefix.pch";
				INFOPLIST_FILE = "test/support/Test-Info.plist";
				OTHER_LDFLAGS = (
					"-framework",
					SenTestingKit,
					"-ObjC",
				);
				PRODUCT_NAME = "$(TARGET_NAME)";
				WRAPPER_EXTENSION = octest;
			};
			name = Debug;
		};
		E9ACDF3413B2DD520010F4D7 /* Release */ = {
			isa = XCBuildConfiguration;
			buildSettings = {
				ALWAYS_SEARCH_USER_PATHS = NO;
				COPY_PHASE_STRIP = YES;
				DEBUG_INFORMATION_FORMAT = "dwarf-with-dsym";
				FRAMEWORK_SEARCH_PATHS = "$(DEVELOPER_LIBRARY_DIR)/Frameworks";
				GCC_ENABLE_OBJC_EXCEPTIONS = YES;
				GCC_PRECOMPILE_PREFIX_HEADER = YES;
				GCC_PREFIX_HEADER = "test/support/Test-Prefix.pch";
				INFOPLIST_FILE = "test/support/Test-Info.plist";
				OTHER_LDFLAGS = (
					"-framework",
					SenTestingKit,
					"-ObjC",
				);
				PRODUCT_NAME = "$(TARGET_NAME)";
				WRAPPER_EXTENSION = octest;
			};
			name = Release;
		};
/* End XCBuildConfiguration section */

/* Begin XCConfigurationList section */
		E93067F213B2E6D100EA26FF /* Build configuration list for PBXNativeTarget "Expecta-iOS" */ = {
			isa = XCConfigurationList;
			buildConfigurations = (
				E93067EE13B2E6D100EA26FF /* Debug */,
				E93067EF13B2E6D100EA26FF /* Release */,
			);
			defaultConfigurationIsVisible = 0;
			defaultConfigurationName = Release;
		};
		E93067F313B2E6D100EA26FF /* Build configuration list for PBXNativeTarget "Expecta-iOSTests" */ = {
			isa = XCConfigurationList;
			buildConfigurations = (
				E93067F013B2E6D100EA26FF /* Debug */,
				E93067F113B2E6D100EA26FF /* Release */,
			);
			defaultConfigurationIsVisible = 0;
			defaultConfigurationName = Release;
		};
		E9ACDF0613B2DD520010F4D7 /* Build configuration list for PBXProject "Expecta" */ = {
			isa = XCConfigurationList;
			buildConfigurations = (
				E9ACDF2D13B2DD520010F4D7 /* Debug */,
				E9ACDF2E13B2DD520010F4D7 /* Release */,
			);
			defaultConfigurationIsVisible = 0;
			defaultConfigurationName = Release;
		};
		E9ACDF2F13B2DD520010F4D7 /* Build configuration list for PBXNativeTarget "Expecta" */ = {
			isa = XCConfigurationList;
			buildConfigurations = (
				E9ACDF3013B2DD520010F4D7 /* Debug */,
				E9ACDF3113B2DD520010F4D7 /* Release */,
			);
			defaultConfigurationIsVisible = 0;
			defaultConfigurationName = Release;
		};
		E9ACDF3213B2DD520010F4D7 /* Build configuration list for PBXNativeTarget "ExpectaTests" */ = {
			isa = XCConfigurationList;
			buildConfigurations = (
				E9ACDF3313B2DD520010F4D7 /* Debug */,
				E9ACDF3413B2DD520010F4D7 /* Release */,
			);
			defaultConfigurationIsVisible = 0;
			defaultConfigurationName = Release;
		};
/* End XCConfigurationList section */
	};
	rootObject = E9ACDF0313B2DD520010F4D7 /* Project object */;
}
