// !$*UTF8*$!
{
	archiveVersion = 1;
	classes = {
	};
	objectVersion = 46;
	objects = {

/* Begin PBXBuildFile section */
		E9139760138A476800E4612D /* Expecta.m in Sources */ = {isa = PBXBuildFile; fileRef = E913975E138A476800E4612D /* Expecta.m */; };
		E91C5F6613B18D150069C061 /* toBeTruthyTest.m in Sources */ = {isa = PBXBuildFile; fileRef = E972E46813B18A6400942633 /* toBeTruthyTest.m */; };
		E91C5F6913B18D2E0069C061 /* EXMatchers+toBeTruthy.m in Sources */ = {isa = PBXBuildFile; fileRef = E91C5F6813B18D2E0069C061 /* EXMatchers+toBeTruthy.m */; };
		E91C5F7113B1BE500069C061 /* toBeFalsyTest.m in Sources */ = {isa = PBXBuildFile; fileRef = E91C5F7013B1BE4F0069C061 /* toBeFalsyTest.m */; };
		E91C5F7413B1BEE40069C061 /* EXMatchers+toBeFalsy.m in Sources */ = {isa = PBXBuildFile; fileRef = E91C5F7313B1BEE30069C061 /* EXMatchers+toBeFalsy.m */; };
		E93871A313B1C89100DAC061 /* EXMatcherHelpers.m in Sources */ = {isa = PBXBuildFile; fileRef = E93871A213B1C89100DAC061 /* EXMatcherHelpers.m */; };
		E972E42913B08DEF00942633 /* toBeInstanceOfTest.m in Sources */ = {isa = PBXBuildFile; fileRef = E972E42813B08DEF00942633 /* toBeInstanceOfTest.m */; };
		E972E42C13B0933500942633 /* EXMatchers+toBeInstanceOf.m in Sources */ = {isa = PBXBuildFile; fileRef = E972E42B13B0933500942633 /* EXMatchers+toBeInstanceOf.m */; };
		E972E42E13B0982600942633 /* toBeKindOfTest.m in Sources */ = {isa = PBXBuildFile; fileRef = E972E42D13B0982600942633 /* toBeKindOfTest.m */; };
		E972E43113B098A100942633 /* Fixtures.m in Sources */ = {isa = PBXBuildFile; fileRef = E972E43013B098A100942633 /* Fixtures.m */; };
		E972E43413B09AFC00942633 /* EXMatchers+toBeKindOf.m in Sources */ = {isa = PBXBuildFile; fileRef = E972E43313B09AFB00942633 /* EXMatchers+toBeKindOf.m */; };
		E972E43613B09C0500942633 /* toBeSubclassOfTest.m in Sources */ = {isa = PBXBuildFile; fileRef = E972E43513B09C0500942633 /* toBeSubclassOfTest.m */; };
		E972E43913B09CFA00942633 /* EXMatchers+toBeSubclassOf.m in Sources */ = {isa = PBXBuildFile; fileRef = E972E43813B09CFA00942633 /* EXMatchers+toBeSubclassOf.m */; };
		E9B33915139165DD0046A8AD /* ExpectationTest.m in Sources */ = {isa = PBXBuildFile; fileRef = E9B33914139165DD0046A8AD /* ExpectationTest.m */; };
		E9B33931139168360046A8AD /* toBeNilTest.m in Sources */ = {isa = PBXBuildFile; fileRef = E9B3392F139168360046A8AD /* toBeNilTest.m */; };
		E9B33947139169250046A8AD /* EXExpect+Test.m in Sources */ = {isa = PBXBuildFile; fileRef = E9B33944139169250046A8AD /* EXExpect+Test.m */; };
		E9B33948139169250046A8AD /* FakeTestCase.m in Sources */ = {isa = PBXBuildFile; fileRef = E9B33946139169250046A8AD /* FakeTestCase.m */; };
		E9CD515813AF54FA004AEED9 /* EXUnsupportedObject.m in Sources */ = {isa = PBXBuildFile; fileRef = E9D4DBBB13AB017200F8FC23 /* EXUnsupportedObject.m */; };
		E9CD515A13AF5506004AEED9 /* NSValue+Expecta.m in Sources */ = {isa = PBXBuildFile; fileRef = E9D4DBC413AB265300F8FC23 /* NSValue+Expecta.m */; };
		E9CD515B13AF550C004AEED9 /* EXMatchers+toEqual.m in Sources */ = {isa = PBXBuildFile; fileRef = E9D4DBB813AAFB9800F8FC23 /* EXMatchers+toEqual.m */; };
		E9D4C9A31392C67B00A648D5 /* EXMatchers+toBeNil.m in Sources */ = {isa = PBXBuildFile; fileRef = E9D4C99F1392C67B00A648D5 /* EXMatchers+toBeNil.m */; };
		E9D4DBB513AAF9AF00F8FC23 /* toEqualTest.m in Sources */ = {isa = PBXBuildFile; fileRef = E9D4DBB413AAF9AF00F8FC23 /* toEqualTest.m */; };
		E9D4DBC713AB2FA300F8FC23 /* NSValue+ExpectaTest.m in Sources */ = {isa = PBXBuildFile; fileRef = E9D4DBC613AB2FA300F8FC23 /* NSValue+ExpectaTest.m */; };
		E9D519E11375D7DA00F9FB75 /* Cocoa.framework in Frameworks */ = {isa = PBXBuildFile; fileRef = E9D519E01375D7DA00F9FB75 /* Cocoa.framework */; };
		E9D519EE1375D7DA00F9FB75 /* main.m in Sources */ = {isa = PBXBuildFile; fileRef = E9D519ED1375D7DA00F9FB75 /* main.m */; };
		E9D519FE1375D7DA00F9FB75 /* Cocoa.framework in Frameworks */ = {isa = PBXBuildFile; fileRef = E9D519E01375D7DA00F9FB75 /* Cocoa.framework */; };
		E9D51A281375DB1700F9FB75 /* EXExpect.m in Sources */ = {isa = PBXBuildFile; fileRef = E9D51A241375DB1700F9FB75 /* EXExpect.m */; };
/* End PBXBuildFile section */

/* Begin PBXContainerItemProxy section */
		E9D519FF1375D7DA00F9FB75 /* PBXContainerItemProxy */ = {
			isa = PBXContainerItemProxy;
			containerPortal = E9D519D31375D7D900F9FB75 /* Project object */;
			proxyType = 1;
			remoteGlobalIDString = E9D519DB1375D7DA00F9FB75;
			remoteInfo = Expecta;
		};
/* End PBXContainerItemProxy section */

/* Begin PBXFileReference section */
		E913975E138A476800E4612D /* Expecta.m */ = {isa = PBXFileReference; fileEncoding = 4; lastKnownFileType = sourcecode.c.objc; path = Expecta.m; sourceTree = "<group>"; };
		E91C5F6713B18D2E0069C061 /* EXMatchers+toBeTruthy.h */ = {isa = PBXFileReference; fileEncoding = 4; lastKnownFileType = sourcecode.c.h; path = "EXMatchers+toBeTruthy.h"; sourceTree = "<group>"; };
		E91C5F6813B18D2E0069C061 /* EXMatchers+toBeTruthy.m */ = {isa = PBXFileReference; fileEncoding = 4; lastKnownFileType = sourcecode.c.objc; path = "EXMatchers+toBeTruthy.m"; sourceTree = "<group>"; };
		E91C5F7013B1BE4F0069C061 /* toBeFalsyTest.m */ = {isa = PBXFileReference; fileEncoding = 4; lastKnownFileType = sourcecode.c.objc; path = toBeFalsyTest.m; sourceTree = "<group>"; };
		E91C5F7213B1BEE30069C061 /* EXMatchers+toBeFalsy.h */ = {isa = PBXFileReference; fileEncoding = 4; lastKnownFileType = sourcecode.c.h; path = "EXMatchers+toBeFalsy.h"; sourceTree = "<group>"; };
		E91C5F7313B1BEE30069C061 /* EXMatchers+toBeFalsy.m */ = {isa = PBXFileReference; fileEncoding = 4; lastKnownFileType = sourcecode.c.objc; path = "EXMatchers+toBeFalsy.m"; sourceTree = "<group>"; };
		E93871A113B1C89100DAC061 /* EXMatcherHelpers.h */ = {isa = PBXFileReference; fileEncoding = 4; lastKnownFileType = sourcecode.c.h; path = EXMatcherHelpers.h; sourceTree = "<group>"; };
		E93871A213B1C89100DAC061 /* EXMatcherHelpers.m */ = {isa = PBXFileReference; fileEncoding = 4; lastKnownFileType = sourcecode.c.objc; path = EXMatcherHelpers.m; sourceTree = "<group>"; };
		E972E42813B08DEF00942633 /* toBeInstanceOfTest.m */ = {isa = PBXFileReference; fileEncoding = 4; lastKnownFileType = sourcecode.c.objc; path = toBeInstanceOfTest.m; sourceTree = "<group>"; };
		E972E42A13B0933500942633 /* EXMatchers+toBeInstanceOf.h */ = {isa = PBXFileReference; fileEncoding = 4; lastKnownFileType = sourcecode.c.h; path = "EXMatchers+toBeInstanceOf.h"; sourceTree = "<group>"; };
		E972E42B13B0933500942633 /* EXMatchers+toBeInstanceOf.m */ = {isa = PBXFileReference; fileEncoding = 4; lastKnownFileType = sourcecode.c.objc; path = "EXMatchers+toBeInstanceOf.m"; sourceTree = "<group>"; };
		E972E42D13B0982600942633 /* toBeKindOfTest.m */ = {isa = PBXFileReference; fileEncoding = 4; lastKnownFileType = sourcecode.c.objc; path = toBeKindOfTest.m; sourceTree = "<group>"; };
		E972E42F13B098A100942633 /* Fixtures.h */ = {isa = PBXFileReference; fileEncoding = 4; lastKnownFileType = sourcecode.c.h; path = Fixtures.h; sourceTree = "<group>"; };
		E972E43013B098A100942633 /* Fixtures.m */ = {isa = PBXFileReference; fileEncoding = 4; lastKnownFileType = sourcecode.c.objc; path = Fixtures.m; sourceTree = "<group>"; };
		E972E43213B09AFB00942633 /* EXMatchers+toBeKindOf.h */ = {isa = PBXFileReference; fileEncoding = 4; lastKnownFileType = sourcecode.c.h; path = "EXMatchers+toBeKindOf.h"; sourceTree = "<group>"; };
		E972E43313B09AFB00942633 /* EXMatchers+toBeKindOf.m */ = {isa = PBXFileReference; fileEncoding = 4; lastKnownFileType = sourcecode.c.objc; path = "EXMatchers+toBeKindOf.m"; sourceTree = "<group>"; };
		E972E43513B09C0500942633 /* toBeSubclassOfTest.m */ = {isa = PBXFileReference; fileEncoding = 4; lastKnownFileType = sourcecode.c.objc; path = toBeSubclassOfTest.m; sourceTree = "<group>"; };
		E972E43713B09CF900942633 /* EXMatchers+toBeSubclassOf.h */ = {isa = PBXFileReference; fileEncoding = 4; lastKnownFileType = sourcecode.c.h; path = "EXMatchers+toBeSubclassOf.h"; sourceTree = "<group>"; };
		E972E43813B09CFA00942633 /* EXMatchers+toBeSubclassOf.m */ = {isa = PBXFileReference; fileEncoding = 4; lastKnownFileType = sourcecode.c.objc; path = "EXMatchers+toBeSubclassOf.m"; sourceTree = "<group>"; };
		E972E46813B18A6400942633 /* toBeTruthyTest.m */ = {isa = PBXFileReference; fileEncoding = 4; lastKnownFileType = sourcecode.c.objc; path = toBeTruthyTest.m; sourceTree = "<group>"; };
		E9B33914139165DD0046A8AD /* ExpectationTest.m */ = {isa = PBXFileReference; fileEncoding = 4; lastKnownFileType = sourcecode.c.objc; path = ExpectationTest.m; sourceTree = "<group>"; };
		E9B3392F139168360046A8AD /* toBeNilTest.m */ = {isa = PBXFileReference; fileEncoding = 4; lastKnownFileType = sourcecode.c.objc; path = toBeNilTest.m; sourceTree = "<group>"; };
		E9B33943139169250046A8AD /* EXExpect+Test.h */ = {isa = PBXFileReference; fileEncoding = 4; lastKnownFileType = sourcecode.c.h; path = "EXExpect+Test.h"; sourceTree = "<group>"; };
		E9B33944139169250046A8AD /* EXExpect+Test.m */ = {isa = PBXFileReference; fileEncoding = 4; lastKnownFileType = sourcecode.c.objc; path = "EXExpect+Test.m"; sourceTree = "<group>"; };
		E9B33945139169250046A8AD /* FakeTestCase.h */ = {isa = PBXFileReference; fileEncoding = 4; lastKnownFileType = sourcecode.c.h; path = FakeTestCase.h; sourceTree = "<group>"; };
		E9B33946139169250046A8AD /* FakeTestCase.m */ = {isa = PBXFileReference; fileEncoding = 4; lastKnownFileType = sourcecode.c.objc; path = FakeTestCase.m; sourceTree = "<group>"; };
		E9B3394A139169D50046A8AD /* TestHelper.h */ = {isa = PBXFileReference; fileEncoding = 4; lastKnownFileType = sourcecode.c.h; path = TestHelper.h; sourceTree = "<group>"; };
		E9D4C7241391906500A648D5 /* NSObject+EXTestCase.h */ = {isa = PBXFileReference; fileEncoding = 4; lastKnownFileType = sourcecode.c.h; path = "NSObject+EXTestCase.h"; sourceTree = "<group>"; };
		E9D4C99B1392C67B00A648D5 /* EXMatchers.h */ = {isa = PBXFileReference; fileEncoding = 4; lastKnownFileType = sourcecode.c.h; path = EXMatchers.h; sourceTree = "<group>"; };
		E9D4C99F1392C67B00A648D5 /* EXMatchers+toBeNil.m */ = {isa = PBXFileReference; fileEncoding = 4; lastKnownFileType = sourcecode.c.objc; path = "EXMatchers+toBeNil.m"; sourceTree = "<group>"; };
		E9D4C9B61392C81700A648D5 /* EXMatchers+toBeNil.h */ = {isa = PBXFileReference; fileEncoding = 4; lastKnownFileType = sourcecode.c.h; path = "EXMatchers+toBeNil.h"; sourceTree = "<group>"; };
		E9D4DBB413AAF9AF00F8FC23 /* toEqualTest.m */ = {isa = PBXFileReference; fileEncoding = 4; lastKnownFileType = sourcecode.c.objc; path = toEqualTest.m; sourceTree = "<group>"; };
		E9D4DBB713AAFB9800F8FC23 /* EXMatchers+toEqual.h */ = {isa = PBXFileReference; fileEncoding = 4; lastKnownFileType = sourcecode.c.h; path = "EXMatchers+toEqual.h"; sourceTree = "<group>"; };
		E9D4DBB813AAFB9800F8FC23 /* EXMatchers+toEqual.m */ = {isa = PBXFileReference; fileEncoding = 4; lastKnownFileType = sourcecode.c.objc; path = "EXMatchers+toEqual.m"; sourceTree = "<group>"; };
		E9D4DBBA13AB017200F8FC23 /* EXUnsupportedObject.h */ = {isa = PBXFileReference; fileEncoding = 4; lastKnownFileType = sourcecode.c.h; path = EXUnsupportedObject.h; sourceTree = "<group>"; };
		E9D4DBBB13AB017200F8FC23 /* EXUnsupportedObject.m */ = {isa = PBXFileReference; fileEncoding = 4; lastKnownFileType = sourcecode.c.objc; path = EXUnsupportedObject.m; sourceTree = "<group>"; };
		E9D4DBC313AB265200F8FC23 /* NSValue+Expecta.h */ = {isa = PBXFileReference; fileEncoding = 4; lastKnownFileType = sourcecode.c.h; path = "NSValue+Expecta.h"; sourceTree = "<group>"; };
		E9D4DBC413AB265300F8FC23 /* NSValue+Expecta.m */ = {isa = PBXFileReference; fileEncoding = 4; lastKnownFileType = sourcecode.c.objc; path = "NSValue+Expecta.m"; sourceTree = "<group>"; };
		E9D4DBC613AB2FA300F8FC23 /* NSValue+ExpectaTest.m */ = {isa = PBXFileReference; fileEncoding = 4; lastKnownFileType = sourcecode.c.objc; path = "NSValue+ExpectaTest.m"; sourceTree = "<group>"; };
		E9D519DC1375D7DA00F9FB75 /* Expecta.app */ = {isa = PBXFileReference; explicitFileType = wrapper.application; includeInIndex = 0; path = Expecta.app; sourceTree = BUILT_PRODUCTS_DIR; };
		E9D519E01375D7DA00F9FB75 /* Cocoa.framework */ = {isa = PBXFileReference; lastKnownFileType = wrapper.framework; name = Cocoa.framework; path = System/Library/Frameworks/Cocoa.framework; sourceTree = SDKROOT; };
		E9D519E31375D7DA00F9FB75 /* AppKit.framework */ = {isa = PBXFileReference; lastKnownFileType = wrapper.framework; name = AppKit.framework; path = System/Library/Frameworks/AppKit.framework; sourceTree = SDKROOT; };
		E9D519E41375D7DA00F9FB75 /* CoreData.framework */ = {isa = PBXFileReference; lastKnownFileType = wrapper.framework; name = CoreData.framework; path = System/Library/Frameworks/CoreData.framework; sourceTree = SDKROOT; };
		E9D519E51375D7DA00F9FB75 /* Foundation.framework */ = {isa = PBXFileReference; lastKnownFileType = wrapper.framework; name = Foundation.framework; path = System/Library/Frameworks/Foundation.framework; sourceTree = SDKROOT; };
		E9D519E81375D7DA00F9FB75 /* Expecta-Info.plist */ = {isa = PBXFileReference; lastKnownFileType = text.plist.xml; path = "Expecta-Info.plist"; sourceTree = "<group>"; };
		E9D519EC1375D7DA00F9FB75 /* Expecta-Prefix.pch */ = {isa = PBXFileReference; lastKnownFileType = sourcecode.c.h; path = "Expecta-Prefix.pch"; sourceTree = "<group>"; };
		E9D519ED1375D7DA00F9FB75 /* main.m */ = {isa = PBXFileReference; lastKnownFileType = sourcecode.c.objc; path = main.m; sourceTree = "<group>"; };
		E9D519FD1375D7DA00F9FB75 /* ExpectaTests.octest */ = {isa = PBXFileReference; explicitFileType = wrapper.cfbundle; includeInIndex = 0; path = ExpectaTests.octest; sourceTree = BUILT_PRODUCTS_DIR; };
		E9D51A031375D7DA00F9FB75 /* ExpectaTests-Info.plist */ = {isa = PBXFileReference; lastKnownFileType = text.plist.xml; path = "ExpectaTests-Info.plist"; sourceTree = "<group>"; };
		E9D51A071375D7DA00F9FB75 /* ExpectaTests-Prefix.pch */ = {isa = PBXFileReference; lastKnownFileType = sourcecode.c.h; path = "ExpectaTests-Prefix.pch"; sourceTree = "<group>"; };
		E9D51A231375DB1700F9FB75 /* EXExpect.h */ = {isa = PBXFileReference; fileEncoding = 4; lastKnownFileType = sourcecode.c.h; path = EXExpect.h; sourceTree = "<group>"; };
		E9D51A241375DB1700F9FB75 /* EXExpect.m */ = {isa = PBXFileReference; fileEncoding = 4; lastKnownFileType = sourcecode.c.objc; path = EXExpect.m; sourceTree = "<group>"; };
		E9D51A271375DB1700F9FB75 /* Expecta.h */ = {isa = PBXFileReference; fileEncoding = 4; lastKnownFileType = sourcecode.c.h; path = Expecta.h; sourceTree = "<group>"; };
		E9D51A321375E55600F9FB75 /* README.md */ = {isa = PBXFileReference; lastKnownFileType = text; path = README.md; sourceTree = "<group>"; };
		E9D51A331375E7EE00F9FB75 /* LICENSE */ = {isa = PBXFileReference; lastKnownFileType = text; path = LICENSE; sourceTree = "<group>"; };
/* End PBXFileReference section */

/* Begin PBXFrameworksBuildPhase section */
		E9D519D91375D7DA00F9FB75 /* Frameworks */ = {
			isa = PBXFrameworksBuildPhase;
			buildActionMask = 2147483647;
			files = (
				E9D519E11375D7DA00F9FB75 /* Cocoa.framework in Frameworks */,
			);
			runOnlyForDeploymentPostprocessing = 0;
		};
		E9D519F91375D7DA00F9FB75 /* Frameworks */ = {
			isa = PBXFrameworksBuildPhase;
			buildActionMask = 2147483647;
			files = (
				E9D519FE1375D7DA00F9FB75 /* Cocoa.framework in Frameworks */,
			);
			runOnlyForDeploymentPostprocessing = 0;
		};
/* End PBXFrameworksBuildPhase section */

/* Begin PBXGroup section */
		E9B33924139166AE0046A8AD /* Matchers */ = {
			isa = PBXGroup;
			children = (
				E9B3392F139168360046A8AD /* toBeNilTest.m */,
				E9D4DBB413AAF9AF00F8FC23 /* toEqualTest.m */,
				E972E42813B08DEF00942633 /* toBeInstanceOfTest.m */,
				E972E42D13B0982600942633 /* toBeKindOfTest.m */,
				E972E43513B09C0500942633 /* toBeSubclassOfTest.m */,
				E972E46813B18A6400942633 /* toBeTruthyTest.m */,
				E91C5F7013B1BE4F0069C061 /* toBeFalsyTest.m */,
			);
			path = Matchers;
			sourceTree = "<group>";
		};
		E9B3393B139168F50046A8AD /* Support */ = {
			isa = PBXGroup;
			children = (
				E9B3394A139169D50046A8AD /* TestHelper.h */,
				E9B33943139169250046A8AD /* EXExpect+Test.h */,
				E9B33944139169250046A8AD /* EXExpect+Test.m */,
				E9B33945139169250046A8AD /* FakeTestCase.h */,
				E9B33946139169250046A8AD /* FakeTestCase.m */,
				E972E42F13B098A100942633 /* Fixtures.h */,
				E972E43013B098A100942633 /* Fixtures.m */,
			);
			path = Support;
			sourceTree = "<group>";
		};
		E9D4C9901392C61500A648D5 /* Matchers */ = {
			isa = PBXGroup;
			children = (
				E9D4C99B1392C67B00A648D5 /* EXMatchers.h */,
				E9D4C9B61392C81700A648D5 /* EXMatchers+toBeNil.h */,
				E9D4C99F1392C67B00A648D5 /* EXMatchers+toBeNil.m */,
				E9D4DBB713AAFB9800F8FC23 /* EXMatchers+toEqual.h */,
				E9D4DBB813AAFB9800F8FC23 /* EXMatchers+toEqual.m */,
				E972E42A13B0933500942633 /* EXMatchers+toBeInstanceOf.h */,
				E972E42B13B0933500942633 /* EXMatchers+toBeInstanceOf.m */,
				E972E43213B09AFB00942633 /* EXMatchers+toBeKindOf.h */,
				E972E43313B09AFB00942633 /* EXMatchers+toBeKindOf.m */,
				E972E43713B09CF900942633 /* EXMatchers+toBeSubclassOf.h */,
				E972E43813B09CFA00942633 /* EXMatchers+toBeSubclassOf.m */,
				E91C5F6713B18D2E0069C061 /* EXMatchers+toBeTruthy.h */,
				E91C5F6813B18D2E0069C061 /* EXMatchers+toBeTruthy.m */,
				E91C5F7213B1BEE30069C061 /* EXMatchers+toBeFalsy.h */,
				E91C5F7313B1BEE30069C061 /* EXMatchers+toBeFalsy.m */,
				E93871A113B1C89100DAC061 /* EXMatcherHelpers.h */,
				E93871A213B1C89100DAC061 /* EXMatcherHelpers.m */,
			);
			path = Matchers;
			sourceTree = "<group>";
		};
		E9D519D11375D7D900F9FB75 = {
			isa = PBXGroup;
			children = (
				E9D51A321375E55600F9FB75 /* README.md */,
				E9D51A331375E7EE00F9FB75 /* LICENSE */,
				E9D51A211375DAD300F9FB75 /* src */,
				E9D51A151375DA0400F9FB75 /* test */,
				E9D51A141375D93800F9FB75 /* boilerplate */,
				E9D519DF1375D7DA00F9FB75 /* frameworks */,
				E9D519DD1375D7DA00F9FB75 /* products */,
			);
			sourceTree = "<group>";
		};
		E9D519DD1375D7DA00F9FB75 /* products */ = {
			isa = PBXGroup;
			children = (
				E9D519DC1375D7DA00F9FB75 /* Expecta.app */,
				E9D519FD1375D7DA00F9FB75 /* ExpectaTests.octest */,
			);
			name = products;
			sourceTree = "<group>";
		};
		E9D519DF1375D7DA00F9FB75 /* frameworks */ = {
			isa = PBXGroup;
			children = (
				E9D519E01375D7DA00F9FB75 /* Cocoa.framework */,
				E9D519E21375D7DA00F9FB75 /* Other Frameworks */,
			);
			name = frameworks;
			sourceTree = "<group>";
		};
		E9D519E21375D7DA00F9FB75 /* Other Frameworks */ = {
			isa = PBXGroup;
			children = (
				E9D519E31375D7DA00F9FB75 /* AppKit.framework */,
				E9D519E41375D7DA00F9FB75 /* CoreData.framework */,
				E9D519E51375D7DA00F9FB75 /* Foundation.framework */,
			);
			name = "Other Frameworks";
			sourceTree = "<group>";
		};
		E9D51A141375D93800F9FB75 /* boilerplate */ = {
			isa = PBXGroup;
			children = (
				E9D519ED1375D7DA00F9FB75 /* main.m */,
				E9D519E81375D7DA00F9FB75 /* Expecta-Info.plist */,
				E9D519EC1375D7DA00F9FB75 /* Expecta-Prefix.pch */,
				E9D51A031375D7DA00F9FB75 /* ExpectaTests-Info.plist */,
				E9D51A071375D7DA00F9FB75 /* ExpectaTests-Prefix.pch */,
			);
			path = boilerplate;
			sourceTree = "<group>";
		};
		E9D51A151375DA0400F9FB75 /* test */ = {
			isa = PBXGroup;
			children = (
				E9B3393B139168F50046A8AD /* Support */,
				E9B33924139166AE0046A8AD /* Matchers */,
				E9B33914139165DD0046A8AD /* ExpectationTest.m */,
				E9D4DBC613AB2FA300F8FC23 /* NSValue+ExpectaTest.m */,
			);
			path = test;
			sourceTree = "<group>";
		};
		E9D51A211375DAD300F9FB75 /* src */ = {
			isa = PBXGroup;
			children = (
				E9D4C9901392C61500A648D5 /* Matchers */,
				E9D51A271375DB1700F9FB75 /* Expecta.h */,
				E913975E138A476800E4612D /* Expecta.m */,
				E9D4DBBA13AB017200F8FC23 /* EXUnsupportedObject.h */,
				E9D4DBBB13AB017200F8FC23 /* EXUnsupportedObject.m */,
				E9D51A231375DB1700F9FB75 /* EXExpect.h */,
				E9D51A241375DB1700F9FB75 /* EXExpect.m */,
				E9D4C7241391906500A648D5 /* NSObject+EXTestCase.h */,
				E9D4DBC313AB265200F8FC23 /* NSValue+Expecta.h */,
				E9D4DBC413AB265300F8FC23 /* NSValue+Expecta.m */,
			);
			path = src;
			sourceTree = "<group>";
		};
/* End PBXGroup section */

/* Begin PBXNativeTarget section */
		E9D519DB1375D7DA00F9FB75 /* Expecta */ = {
			isa = PBXNativeTarget;
			buildConfigurationList = E9D51A0E1375D7DA00F9FB75 /* Build configuration list for PBXNativeTarget "Expecta" */;
			buildPhases = (
				E9D519D81375D7DA00F9FB75 /* Sources */,
				E9D519D91375D7DA00F9FB75 /* Frameworks */,
				E9D519DA1375D7DA00F9FB75 /* Resources */,
			);
			buildRules = (
			);
			dependencies = (
			);
			name = Expecta;
			productName = Expecta;
			productReference = E9D519DC1375D7DA00F9FB75 /* Expecta.app */;
			productType = "com.apple.product-type.application";
		};
		E9D519FC1375D7DA00F9FB75 /* ExpectaTests */ = {
			isa = PBXNativeTarget;
			buildConfigurationList = E9D51A111375D7DA00F9FB75 /* Build configuration list for PBXNativeTarget "ExpectaTests" */;
			buildPhases = (
				E9D519F81375D7DA00F9FB75 /* Sources */,
				E9D519F91375D7DA00F9FB75 /* Frameworks */,
				E9D519FA1375D7DA00F9FB75 /* Resources */,
				E9D519FB1375D7DA00F9FB75 /* ShellScript */,
			);
			buildRules = (
			);
			dependencies = (
				E9D51A001375D7DA00F9FB75 /* PBXTargetDependency */,
			);
			name = ExpectaTests;
			productName = ExpectaTests;
			productReference = E9D519FD1375D7DA00F9FB75 /* ExpectaTests.octest */;
			productType = "com.apple.product-type.bundle";
		};
/* End PBXNativeTarget section */

/* Begin PBXProject section */
		E9D519D31375D7D900F9FB75 /* Project object */ = {
			isa = PBXProject;
			buildConfigurationList = E9D519D61375D7D900F9FB75 /* Build configuration list for PBXProject "Expecta" */;
			compatibilityVersion = "Xcode 3.2";
			developmentRegion = English;
			hasScannedForEncodings = 0;
			knownRegions = (
				en,
			);
			mainGroup = E9D519D11375D7D900F9FB75;
			productRefGroup = E9D519DD1375D7DA00F9FB75 /* products */;
			projectDirPath = "";
			projectRoot = "";
			targets = (
				E9D519DB1375D7DA00F9FB75 /* Expecta */,
				E9D519FC1375D7DA00F9FB75 /* ExpectaTests */,
			);
		};
/* End PBXProject section */

/* Begin PBXResourcesBuildPhase section */
		E9D519DA1375D7DA00F9FB75 /* Resources */ = {
			isa = PBXResourcesBuildPhase;
			buildActionMask = 2147483647;
			files = (
			);
			runOnlyForDeploymentPostprocessing = 0;
		};
		E9D519FA1375D7DA00F9FB75 /* Resources */ = {
			isa = PBXResourcesBuildPhase;
			buildActionMask = 2147483647;
			files = (
			);
			runOnlyForDeploymentPostprocessing = 0;
		};
/* End PBXResourcesBuildPhase section */

/* Begin PBXShellScriptBuildPhase section */
		E9D519FB1375D7DA00F9FB75 /* ShellScript */ = {
			isa = PBXShellScriptBuildPhase;
			buildActionMask = 2147483647;
			files = (
			);
			inputPaths = (
			);
			outputPaths = (
			);
			runOnlyForDeploymentPostprocessing = 0;
			shellPath = /bin/sh;
			shellScript = "# Run the unit tests in this test bundle.\n\"${SYSTEM_DEVELOPER_DIR}/Tools/RunUnitTests\"\n";
		};
/* End PBXShellScriptBuildPhase section */

/* Begin PBXSourcesBuildPhase section */
		E9D519D81375D7DA00F9FB75 /* Sources */ = {
			isa = PBXSourcesBuildPhase;
			buildActionMask = 2147483647;
			files = (
				E9D519EE1375D7DA00F9FB75 /* main.m in Sources */,
				E9D51A281375DB1700F9FB75 /* EXExpect.m in Sources */,
				E9139760138A476800E4612D /* Expecta.m in Sources */,
				E9D4C9A31392C67B00A648D5 /* EXMatchers+toBeNil.m in Sources */,
				E9CD515813AF54FA004AEED9 /* EXUnsupportedObject.m in Sources */,
				E9CD515A13AF5506004AEED9 /* NSValue+Expecta.m in Sources */,
				E9CD515B13AF550C004AEED9 /* EXMatchers+toEqual.m in Sources */,
				E972E42C13B0933500942633 /* EXMatchers+toBeInstanceOf.m in Sources */,
				E972E43413B09AFC00942633 /* EXMatchers+toBeKindOf.m in Sources */,
				E972E43913B09CFA00942633 /* EXMatchers+toBeSubclassOf.m in Sources */,
				E91C5F6913B18D2E0069C061 /* EXMatchers+toBeTruthy.m in Sources */,
				E91C5F7413B1BEE40069C061 /* EXMatchers+toBeFalsy.m in Sources */,
				E93871A313B1C89100DAC061 /* EXMatcherHelpers.m in Sources */,
			);
			runOnlyForDeploymentPostprocessing = 0;
		};
		E9D519F81375D7DA00F9FB75 /* Sources */ = {
			isa = PBXSourcesBuildPhase;
			buildActionMask = 2147483647;
			files = (
				E9B33915139165DD0046A8AD /* ExpectationTest.m in Sources */,
				E9B33931139168360046A8AD /* toBeNilTest.m in Sources */,
				E9B33947139169250046A8AD /* EXExpect+Test.m in Sources */,
				E9B33948139169250046A8AD /* FakeTestCase.m in Sources */,
				E9D4DBB513AAF9AF00F8FC23 /* toEqualTest.m in Sources */,
				E9D4DBC713AB2FA300F8FC23 /* NSValue+ExpectaTest.m in Sources */,
				E972E42913B08DEF00942633 /* toBeInstanceOfTest.m in Sources */,
				E972E42E13B0982600942633 /* toBeKindOfTest.m in Sources */,
				E972E43113B098A100942633 /* Fixtures.m in Sources */,
				E972E43613B09C0500942633 /* toBeSubclassOfTest.m in Sources */,
				E91C5F6613B18D150069C061 /* toBeTruthyTest.m in Sources */,
				E91C5F7113B1BE500069C061 /* toBeFalsyTest.m in Sources */,
			);
			runOnlyForDeploymentPostprocessing = 0;
		};
/* End PBXSourcesBuildPhase section */

/* Begin PBXTargetDependency section */
		E9D51A001375D7DA00F9FB75 /* PBXTargetDependency */ = {
			isa = PBXTargetDependency;
			target = E9D519DB1375D7DA00F9FB75 /* Expecta */;
			targetProxy = E9D519FF1375D7DA00F9FB75 /* PBXContainerItemProxy */;
		};
/* End PBXTargetDependency section */

/* Begin XCBuildConfiguration section */
		E9D51A0C1375D7DA00F9FB75 /* Debug */ = {
			isa = XCBuildConfiguration;
			buildSettings = {
				ARCHS = "$(ARCHS_STANDARD_32_64_BIT)";
				GCC_C_LANGUAGE_STANDARD = gnu99;
				GCC_OPTIMIZATION_LEVEL = 0;
				GCC_PREPROCESSOR_DEFINITIONS = DEBUG;
				GCC_SYMBOLS_PRIVATE_EXTERN = NO;
				GCC_TREAT_WARNINGS_AS_ERRORS = YES;
				GCC_VERSION = com.apple.compilers.llvm.clang.1_0;
				GCC_WARN_64_TO_32_BIT_CONVERSION = YES;
				GCC_WARN_ABOUT_RETURN_TYPE = YES;
				GCC_WARN_UNUSED_VARIABLE = YES;
				MACOSX_DEPLOYMENT_TARGET = 10.6;
				ONLY_ACTIVE_ARCH = YES;
				SDKROOT = macosx;
			};
			name = Debug;
		};
		E9D51A0D1375D7DA00F9FB75 /* Release */ = {
			isa = XCBuildConfiguration;
			buildSettings = {
				ARCHS = "$(ARCHS_STANDARD_32_64_BIT)";
				GCC_C_LANGUAGE_STANDARD = gnu99;
				GCC_VERSION = com.apple.compilers.llvm.clang.1_0;
				GCC_WARN_64_TO_32_BIT_CONVERSION = YES;
				GCC_WARN_ABOUT_RETURN_TYPE = YES;
				GCC_WARN_UNUSED_VARIABLE = YES;
				MACOSX_DEPLOYMENT_TARGET = 10.6;
				SDKROOT = macosx;
			};
			name = Release;
		};
		E9D51A0F1375D7DA00F9FB75 /* Debug */ = {
			isa = XCBuildConfiguration;
			buildSettings = {
				ALWAYS_SEARCH_USER_PATHS = NO;
				COPY_PHASE_STRIP = NO;
				GCC_DYNAMIC_NO_PIC = NO;
				GCC_ENABLE_OBJC_EXCEPTIONS = YES;
				GCC_PRECOMPILE_PREFIX_HEADER = YES;
				GCC_PREFIX_HEADER = "boilerplate/Expecta-Prefix.pch";
				GCC_VERSION = 4.2;
				INFOPLIST_FILE = "boilerplate/Expecta-Info.plist";
				PRODUCT_NAME = "$(TARGET_NAME)";
				WRAPPER_EXTENSION = app;
			};
			name = Debug;
		};
		E9D51A101375D7DA00F9FB75 /* Release */ = {
			isa = XCBuildConfiguration;
			buildSettings = {
				ALWAYS_SEARCH_USER_PATHS = NO;
				COPY_PHASE_STRIP = YES;
				DEBUG_INFORMATION_FORMAT = "dwarf-with-dsym";
				GCC_ENABLE_OBJC_EXCEPTIONS = YES;
				GCC_PRECOMPILE_PREFIX_HEADER = YES;
				GCC_PREFIX_HEADER = "boilerplate/Expecta-Prefix.pch";
				GCC_VERSION = 4.2;
				INFOPLIST_FILE = "boilerplate/Expecta-Info.plist";
				PRODUCT_NAME = "$(TARGET_NAME)";
				WRAPPER_EXTENSION = app;
			};
			name = Release;
		};
		E9D51A121375D7DA00F9FB75 /* Debug */ = {
			isa = XCBuildConfiguration;
			buildSettings = {
				ALWAYS_SEARCH_USER_PATHS = NO;
				BUNDLE_LOADER = "$(BUILT_PRODUCTS_DIR)/Expecta.app/Contents/MacOS/Expecta";
				COPY_PHASE_STRIP = NO;
				FRAMEWORK_SEARCH_PATHS = "$(DEVELOPER_LIBRARY_DIR)/Frameworks";
				GCC_DYNAMIC_NO_PIC = NO;
				GCC_ENABLE_OBJC_EXCEPTIONS = YES;
				GCC_PRECOMPILE_PREFIX_HEADER = YES;
				GCC_PREFIX_HEADER = "boilerplate/ExpectaTests-Prefix.pch";
				GCC_VERSION = 4.2;
				INFOPLIST_FILE = "boilerplate/ExpectaTests-Info.plist";
				OTHER_LDFLAGS = (
					"-framework",
					SenTestingKit,
				);
				PRODUCT_NAME = "$(TARGET_NAME)";
				TEST_HOST = "$(BUNDLE_LOADER)";
				WRAPPER_EXTENSION = octest;
			};
			name = Debug;
		};
		E9D51A131375D7DA00F9FB75 /* Release */ = {
			isa = XCBuildConfiguration;
			buildSettings = {
				ALWAYS_SEARCH_USER_PATHS = NO;
				BUNDLE_LOADER = "$(BUILT_PRODUCTS_DIR)/Expecta.app/Contents/MacOS/Expecta";
				COPY_PHASE_STRIP = YES;
				DEBUG_INFORMATION_FORMAT = "dwarf-with-dsym";
				FRAMEWORK_SEARCH_PATHS = "$(DEVELOPER_LIBRARY_DIR)/Frameworks";
				GCC_ENABLE_OBJC_EXCEPTIONS = YES;
				GCC_PRECOMPILE_PREFIX_HEADER = YES;
				GCC_PREFIX_HEADER = "boilerplate/ExpectaTests-Prefix.pch";
				GCC_VERSION = 4.2;
				INFOPLIST_FILE = "boilerplate/ExpectaTests-Info.plist";
				OTHER_LDFLAGS = (
					"-framework",
					SenTestingKit,
				);
				PRODUCT_NAME = "$(TARGET_NAME)";
				TEST_HOST = "$(BUNDLE_LOADER)";
				WRAPPER_EXTENSION = octest;
			};
			name = Release;
		};
/* End XCBuildConfiguration section */

/* Begin XCConfigurationList section */
		E9D519D61375D7D900F9FB75 /* Build configuration list for PBXProject "Expecta" */ = {
			isa = XCConfigurationList;
			buildConfigurations = (
				E9D51A0C1375D7DA00F9FB75 /* Debug */,
				E9D51A0D1375D7DA00F9FB75 /* Release */,
			);
			defaultConfigurationIsVisible = 0;
			defaultConfigurationName = Release;
		};
		E9D51A0E1375D7DA00F9FB75 /* Build configuration list for PBXNativeTarget "Expecta" */ = {
			isa = XCConfigurationList;
			buildConfigurations = (
				E9D51A0F1375D7DA00F9FB75 /* Debug */,
				E9D51A101375D7DA00F9FB75 /* Release */,
			);
			defaultConfigurationIsVisible = 0;
			defaultConfigurationName = Release;
		};
		E9D51A111375D7DA00F9FB75 /* Build configuration list for PBXNativeTarget "ExpectaTests" */ = {
			isa = XCConfigurationList;
			buildConfigurations = (
				E9D51A121375D7DA00F9FB75 /* Debug */,
				E9D51A131375D7DA00F9FB75 /* Release */,
			);
			defaultConfigurationIsVisible = 0;
			defaultConfigurationName = Release;
		};
/* End XCConfigurationList section */
	};
	rootObject = E9D519D31375D7D900F9FB75 /* Project object */;
}
